// !$*UTF8*$!
{
	archiveVersion = 1;
	classes = {
	};
	objectVersion = 46;
	objects = {

/* Begin PBXAggregateTarget section */
		"Timeline::TimelinePackageTests::ProductTarget" /* TimelinePackageTests */ = {
			isa = PBXAggregateTarget;
			buildConfigurationList = OBJ_324 /* Build configuration list for PBXAggregateTarget "TimelinePackageTests" */;
			buildPhases = (
			);
			dependencies = (
				OBJ_327 /* PBXTargetDependency */,
			);
			name = TimelinePackageTests;
			productName = TimelinePackageTests;
		};
/* End PBXAggregateTarget section */

/* Begin PBXBuildFile section */
		OBJ_125 /* ScheduleTests.swift in Sources */ = {isa = PBXBuildFile; fileRef = OBJ_17 /* ScheduleTests.swift */; };
		OBJ_126 /* TimelineTests.swift in Sources */ = {isa = PBXBuildFile; fileRef = OBJ_18 /* TimelineTests.swift */; };
		OBJ_128 /* Timeline.framework in Frameworks */ = {isa = PBXBuildFile; fileRef = "Timeline::Timeline::Product" /* Timeline.framework */; };
		OBJ_129 /* Math.framework in Frameworks */ = {isa = PBXBuildFile; fileRef = "Math::Math::Product" /* Math.framework */; };
		OBJ_130 /* DataStructures.framework in Frameworks */ = {isa = PBXBuildFile; fileRef = "Structure::DataStructures::Product" /* DataStructures.framework */; };
		OBJ_131 /* Structure.framework in Frameworks */ = {isa = PBXBuildFile; fileRef = "Structure::Structure::Product" /* Structure.framework */; };
		OBJ_132 /* StructureWrapping.framework in Frameworks */ = {isa = PBXBuildFile; fileRef = "Structure::StructureWrapping::Product" /* StructureWrapping.framework */; };
		OBJ_133 /* DictionaryProtocol.framework in Frameworks */ = {isa = PBXBuildFile; fileRef = "Structure::DictionaryProtocol::Product" /* DictionaryProtocol.framework */; };
		OBJ_134 /* Restructure.framework in Frameworks */ = {isa = PBXBuildFile; fileRef = "Structure::Restructure::Product" /* Restructure.framework */; };
		OBJ_135 /* Algebra.framework in Frameworks */ = {isa = PBXBuildFile; fileRef = "Structure::Algebra::Product" /* Algebra.framework */; };
		OBJ_136 /* Destructure.framework in Frameworks */ = {isa = PBXBuildFile; fileRef = "Structure::Destructure::Product" /* Destructure.framework */; };
		OBJ_159 /* Duration.swift in Sources */ = {isa = PBXBuildFile; fileRef = OBJ_9 /* Duration.swift */; };
		OBJ_160 /* Timeline.Action.swift in Sources */ = {isa = PBXBuildFile; fileRef = OBJ_10 /* Timeline.Action.swift */; };
		OBJ_161 /* Timeline.Clock.swift in Sources */ = {isa = PBXBuildFile; fileRef = OBJ_11 /* Timeline.Clock.swift */; };
		OBJ_162 /* Timeline.Schedule.swift in Sources */ = {isa = PBXBuildFile; fileRef = OBJ_12 /* Timeline.Schedule.swift */; };
		OBJ_163 /* Timeline.Timer.swift in Sources */ = {isa = PBXBuildFile; fileRef = OBJ_13 /* Timeline.Timer.swift */; };
		OBJ_164 /* Timeline.swift in Sources */ = {isa = PBXBuildFile; fileRef = OBJ_14 /* Timeline.swift */; };
		OBJ_166 /* Math.framework in Frameworks */ = {isa = PBXBuildFile; fileRef = "Math::Math::Product" /* Math.framework */; };
		OBJ_167 /* DataStructures.framework in Frameworks */ = {isa = PBXBuildFile; fileRef = "Structure::DataStructures::Product" /* DataStructures.framework */; };
		OBJ_168 /* Structure.framework in Frameworks */ = {isa = PBXBuildFile; fileRef = "Structure::Structure::Product" /* Structure.framework */; };
		OBJ_169 /* StructureWrapping.framework in Frameworks */ = {isa = PBXBuildFile; fileRef = "Structure::StructureWrapping::Product" /* StructureWrapping.framework */; };
		OBJ_170 /* DictionaryProtocol.framework in Frameworks */ = {isa = PBXBuildFile; fileRef = "Structure::DictionaryProtocol::Product" /* DictionaryProtocol.framework */; };
		OBJ_171 /* Restructure.framework in Frameworks */ = {isa = PBXBuildFile; fileRef = "Structure::Restructure::Product" /* Restructure.framework */; };
		OBJ_172 /* Algebra.framework in Frameworks */ = {isa = PBXBuildFile; fileRef = "Structure::Algebra::Product" /* Algebra.framework */; };
		OBJ_173 /* Destructure.framework in Frameworks */ = {isa = PBXBuildFile; fileRef = "Structure::Destructure::Product" /* Destructure.framework */; };
		OBJ_186 /* BidirectionalCollectionExtensions.swift in Sources */ = {isa = PBXBuildFile; fileRef = OBJ_24 /* BidirectionalCollectionExtensions.swift */; };
		OBJ_187 /* BinaryFloatingPointExtensions.swift in Sources */ = {isa = PBXBuildFile; fileRef = OBJ_25 /* BinaryFloatingPointExtensions.swift */; };
		OBJ_188 /* DoubleExtensions.swift in Sources */ = {isa = PBXBuildFile; fileRef = OBJ_26 /* DoubleExtensions.swift */; };
		OBJ_189 /* Fraction.swift in Sources */ = {isa = PBXBuildFile; fileRef = OBJ_27 /* Fraction.swift */; };
		OBJ_190 /* Functions.swift in Sources */ = {isa = PBXBuildFile; fileRef = OBJ_28 /* Functions.swift */; };
		OBJ_191 /* GCDDomain.swift in Sources */ = {isa = PBXBuildFile; fileRef = OBJ_29 /* GCDDomain.swift */; };
		OBJ_192 /* IntegerExtensions.swift in Sources */ = {isa = PBXBuildFile; fileRef = OBJ_30 /* IntegerExtensions.swift */; };
		OBJ_193 /* IntervalRelation.swift in Sources */ = {isa = PBXBuildFile; fileRef = OBJ_31 /* IntervalRelation.swift */; };
		OBJ_194 /* LinearRegression.swift in Sources */ = {isa = PBXBuildFile; fileRef = OBJ_32 /* LinearRegression.swift */; };
		OBJ_195 /* Power.swift in Sources */ = {isa = PBXBuildFile; fileRef = OBJ_33 /* Power.swift */; };
		OBJ_196 /* PowerGenerator.swift in Sources */ = {isa = PBXBuildFile; fileRef = OBJ_34 /* PowerGenerator.swift */; };
		OBJ_197 /* PowerSequence.swift in Sources */ = {isa = PBXBuildFile; fileRef = OBJ_35 /* PowerSequence.swift */; };
		OBJ_198 /* Quadratic.swift in Sources */ = {isa = PBXBuildFile; fileRef = OBJ_36 /* Quadratic.swift */; };
		OBJ_199 /* RandomProducing.swift in Sources */ = {isa = PBXBuildFile; fileRef = OBJ_37 /* RandomProducing.swift */; };
		OBJ_200 /* RangeProtocol.swift in Sources */ = {isa = PBXBuildFile; fileRef = OBJ_38 /* RangeProtocol.swift */; };
		OBJ_201 /* Rational.swift in Sources */ = {isa = PBXBuildFile; fileRef = OBJ_39 /* Rational.swift */; };
		OBJ_202 /* StringFormatting.swift in Sources */ = {isa = PBXBuildFile; fileRef = OBJ_40 /* StringFormatting.swift */; };
		OBJ_203 /* Vector2.swift in Sources */ = {isa = PBXBuildFile; fileRef = OBJ_41 /* Vector2.swift */; };
		OBJ_205 /* Structure.framework in Frameworks */ = {isa = PBXBuildFile; fileRef = "Structure::Structure::Product" /* Structure.framework */; };
		OBJ_206 /* Algebra.framework in Frameworks */ = {isa = PBXBuildFile; fileRef = "Structure::Algebra::Product" /* Algebra.framework */; };
		OBJ_207 /* Destructure.framework in Frameworks */ = {isa = PBXBuildFile; fileRef = "Structure::Destructure::Product" /* Destructure.framework */; };
		OBJ_215 /* CircularArray.swift in Sources */ = {isa = PBXBuildFile; fileRef = OBJ_92 /* CircularArray.swift */; };
		OBJ_216 /* LinkedList.swift in Sources */ = {isa = PBXBuildFile; fileRef = OBJ_93 /* LinkedList.swift */; };
		OBJ_217 /* Matrix.swift in Sources */ = {isa = PBXBuildFile; fileRef = OBJ_94 /* Matrix.swift */; };
		OBJ_218 /* OrderedDictionary.swift in Sources */ = {isa = PBXBuildFile; fileRef = OBJ_95 /* OrderedDictionary.swift */; };
		OBJ_219 /* ReferenceGraph.AdjacencyList.swift in Sources */ = {isa = PBXBuildFile; fileRef = OBJ_96 /* ReferenceGraph.AdjacencyList.swift */; };
		OBJ_220 /* ReferenceGraph.Edge.swift in Sources */ = {isa = PBXBuildFile; fileRef = OBJ_97 /* ReferenceGraph.Edge.swift */; };
		OBJ_221 /* ReferenceGraph.EdgeList.swift in Sources */ = {isa = PBXBuildFile; fileRef = OBJ_98 /* ReferenceGraph.EdgeList.swift */; };
		OBJ_222 /* ReferenceGraph.Node.swift in Sources */ = {isa = PBXBuildFile; fileRef = OBJ_99 /* ReferenceGraph.Node.swift */; };
		OBJ_223 /* ReferenceGraph.swift in Sources */ = {isa = PBXBuildFile; fileRef = OBJ_100 /* ReferenceGraph.swift */; };
		OBJ_224 /* ReferenceTree.swift in Sources */ = {isa = PBXBuildFile; fileRef = OBJ_101 /* ReferenceTree.swift */; };
		OBJ_225 /* ReferenceTreeProtocol.swift in Sources */ = {isa = PBXBuildFile; fileRef = OBJ_102 /* ReferenceTreeProtocol.swift */; };
		OBJ_226 /* SingleTypedTree.swift in Sources */ = {isa = PBXBuildFile; fileRef = OBJ_103 /* SingleTypedTree.swift */; };
		OBJ_227 /* SortedArray.swift in Sources */ = {isa = PBXBuildFile; fileRef = OBJ_104 /* SortedArray.swift */; };
		OBJ_228 /* SortedDictionary.swift in Sources */ = {isa = PBXBuildFile; fileRef = OBJ_105 /* SortedDictionary.swift */; };
		OBJ_229 /* Stack.swift in Sources */ = {isa = PBXBuildFile; fileRef = OBJ_106 /* Stack.swift */; };
		OBJ_230 /* Tree.swift in Sources */ = {isa = PBXBuildFile; fileRef = OBJ_107 /* Tree.swift */; };
		OBJ_231 /* Zip3Sequence.swift in Sources */ = {isa = PBXBuildFile; fileRef = OBJ_108 /* Zip3Sequence.swift */; };
		OBJ_233 /* Structure.framework in Frameworks */ = {isa = PBXBuildFile; fileRef = "Structure::Structure::Product" /* Structure.framework */; };
		OBJ_234 /* StructureWrapping.framework in Frameworks */ = {isa = PBXBuildFile; fileRef = "Structure::StructureWrapping::Product" /* StructureWrapping.framework */; };
		OBJ_235 /* DictionaryProtocol.framework in Frameworks */ = {isa = PBXBuildFile; fileRef = "Structure::DictionaryProtocol::Product" /* DictionaryProtocol.framework */; };
		OBJ_236 /* Restructure.framework in Frameworks */ = {isa = PBXBuildFile; fileRef = "Structure::Restructure::Product" /* Restructure.framework */; };
		OBJ_237 /* Algebra.framework in Frameworks */ = {isa = PBXBuildFile; fileRef = "Structure::Algebra::Product" /* Algebra.framework */; };
		OBJ_238 /* Destructure.framework in Frameworks */ = {isa = PBXBuildFile; fileRef = "Structure::Destructure::Product" /* Destructure.framework */; };
		OBJ_249 /* ArrayError.swift in Sources */ = {isa = PBXBuildFile; fileRef = OBJ_70 /* ArrayError.swift */; };
		OBJ_250 /* Bitwise.swift in Sources */ = {isa = PBXBuildFile; fileRef = OBJ_71 /* Bitwise.swift */; };
		OBJ_251 /* Combinations.swift in Sources */ = {isa = PBXBuildFile; fileRef = OBJ_72 /* Combinations.swift */; };
		OBJ_252 /* Either.swift in Sources */ = {isa = PBXBuildFile; fileRef = OBJ_73 /* Either.swift */; };
		OBJ_253 /* ElementsAtIndices.swift in Sources */ = {isa = PBXBuildFile; fileRef = OBJ_74 /* ElementsAtIndices.swift */; };
		OBJ_254 /* InvertibleOptionSet.swift in Sources */ = {isa = PBXBuildFile; fileRef = OBJ_75 /* InvertibleOptionSet.swift */; };
		OBJ_255 /* Pairs.swift in Sources */ = {isa = PBXBuildFile; fileRef = OBJ_76 /* Pairs.swift */; };
		OBJ_256 /* PatternMatching.swift in Sources */ = {isa = PBXBuildFile; fileRef = OBJ_77 /* PatternMatching.swift */; };
		OBJ_257 /* Predicates.swift in Sources */ = {isa = PBXBuildFile; fileRef = OBJ_78 /* Predicates.swift */; };
		OBJ_258 /* RawRepresentable+AllCases.swift in Sources */ = {isa = PBXBuildFile; fileRef = OBJ_79 /* RawRepresentable+AllCases.swift */; };
		OBJ_259 /* RawRepresentable+Comparable.swift in Sources */ = {isa = PBXBuildFile; fileRef = OBJ_80 /* RawRepresentable+Comparable.swift */; };
		OBJ_260 /* RawRepresentable+Equatable.swift in Sources */ = {isa = PBXBuildFile; fileRef = OBJ_81 /* RawRepresentable+Equatable.swift */; };
		OBJ_261 /* RemoveElements.swift in Sources */ = {isa = PBXBuildFile; fileRef = OBJ_82 /* RemoveElements.swift */; };
		OBJ_262 /* ReplaceElements.swift in Sources */ = {isa = PBXBuildFile; fileRef = OBJ_83 /* ReplaceElements.swift */; };
		OBJ_263 /* Split.swift in Sources */ = {isa = PBXBuildFile; fileRef = OBJ_84 /* Split.swift */; };
		OBJ_264 /* StableSort.swift in Sources */ = {isa = PBXBuildFile; fileRef = OBJ_85 /* StableSort.swift */; };
		OBJ_265 /* Subsets.swift in Sources */ = {isa = PBXBuildFile; fileRef = OBJ_86 /* Subsets.swift */; };
		OBJ_266 /* Swap.swift in Sources */ = {isa = PBXBuildFile; fileRef = OBJ_87 /* Swap.swift */; };
		OBJ_267 /* TupleMap.swift in Sources */ = {isa = PBXBuildFile; fileRef = OBJ_88 /* TupleMap.swift */; };
		OBJ_269 /* Algebra.framework in Frameworks */ = {isa = PBXBuildFile; fileRef = "Structure::Algebra::Product" /* Algebra.framework */; };
		OBJ_270 /* Destructure.framework in Frameworks */ = {isa = PBXBuildFile; fileRef = "Structure::Destructure::Product" /* Destructure.framework */; };
		OBJ_277 /* CollectionWrapping.swift in Sources */ = {isa = PBXBuildFile; fileRef = OBJ_46 /* CollectionWrapping.swift */; };
		OBJ_278 /* DoubleWrapping.swift in Sources */ = {isa = PBXBuildFile; fileRef = OBJ_47 /* DoubleWrapping.swift */; };
		OBJ_279 /* FloatWrapping.swift in Sources */ = {isa = PBXBuildFile; fileRef = OBJ_48 /* FloatWrapping.swift */; };
		OBJ_280 /* IntegerWrapping.swift in Sources */ = {isa = PBXBuildFile; fileRef = OBJ_49 /* IntegerWrapping.swift */; };
		OBJ_281 /* RandomAccessCollectionWrapping.swift in Sources */ = {isa = PBXBuildFile; fileRef = OBJ_50 /* RandomAccessCollectionWrapping.swift */; };
		OBJ_282 /* SequenceWrapping.swift in Sources */ = {isa = PBXBuildFile; fileRef = OBJ_51 /* SequenceWrapping.swift */; };
		OBJ_283 /* SortedCollectionWrapping.swift in Sources */ = {isa = PBXBuildFile; fileRef = OBJ_52 /* SortedCollectionWrapping.swift */; };
		OBJ_289 /* DictionaryProtocol.swift in Sources */ = {isa = PBXBuildFile; fileRef = OBJ_44 /* DictionaryProtocol.swift */; };
		OBJ_295 /* Restructure.swift in Sources */ = {isa = PBXBuildFile; fileRef = OBJ_90 /* Restructure.swift */; };
		OBJ_301 /* Accumulate.swift in Sources */ = {isa = PBXBuildFile; fileRef = OBJ_56 /* Accumulate.swift */; };
		OBJ_302 /* Additive.swift in Sources */ = {isa = PBXBuildFile; fileRef = OBJ_57 /* Additive.swift */; };
		OBJ_303 /* AdditiveSemigroup.swift in Sources */ = {isa = PBXBuildFile; fileRef = OBJ_58 /* AdditiveSemigroup.swift */; };
		OBJ_304 /* AlgebraAdapters.swift in Sources */ = {isa = PBXBuildFile; fileRef = OBJ_59 /* AlgebraAdapters.swift */; };
		OBJ_305 /* Monoid.swift in Sources */ = {isa = PBXBuildFile; fileRef = OBJ_60 /* Monoid.swift */; };
		OBJ_306 /* MonoidView.swift in Sources */ = {isa = PBXBuildFile; fileRef = OBJ_61 /* MonoidView.swift */; };
		OBJ_307 /* Multiplicative.swift in Sources */ = {isa = PBXBuildFile; fileRef = OBJ_62 /* Multiplicative.swift */; };
		OBJ_308 /* MultiplicativeSemigroup.swift in Sources */ = {isa = PBXBuildFile; fileRef = OBJ_63 /* MultiplicativeSemigroup.swift */; };
		OBJ_309 /* One.swift in Sources */ = {isa = PBXBuildFile; fileRef = OBJ_64 /* One.swift */; };
		OBJ_310 /* Product.swift in Sources */ = {isa = PBXBuildFile; fileRef = OBJ_65 /* Product.swift */; };
		OBJ_311 /* Semigroup.swift in Sources */ = {isa = PBXBuildFile; fileRef = OBJ_66 /* Semigroup.swift */; };
		OBJ_312 /* Sum.swift in Sources */ = {isa = PBXBuildFile; fileRef = OBJ_67 /* Sum.swift */; };
		OBJ_313 /* Zero.swift in Sources */ = {isa = PBXBuildFile; fileRef = OBJ_68 /* Zero.swift */; };
		OBJ_315 /* Destructure.framework in Frameworks */ = {isa = PBXBuildFile; fileRef = "Structure::Destructure::Product" /* Destructure.framework */; };
		OBJ_321 /* Destructure.swift in Sources */ = {isa = PBXBuildFile; fileRef = OBJ_54 /* Destructure.swift */; };
/* End PBXBuildFile section */

/* Begin PBXContainerItemProxy section */
		07887C4C1F3281A200D6D66B /* PBXContainerItemProxy */ = {
			isa = PBXContainerItemProxy;
			containerPortal = OBJ_1 /* Project object */;
			proxyType = 1;
			remoteGlobalIDString = "Math::Math";
			remoteInfo = Math;
		};
		07887C4D1F3281A200D6D66B /* PBXContainerItemProxy */ = {
			isa = PBXContainerItemProxy;
			containerPortal = OBJ_1 /* Project object */;
			proxyType = 1;
			remoteGlobalIDString = "Structure::Structure";
			remoteInfo = Structure;
		};
		07887C4E1F3281A200D6D66B /* PBXContainerItemProxy */ = {
			isa = PBXContainerItemProxy;
			containerPortal = OBJ_1 /* Project object */;
			proxyType = 1;
			remoteGlobalIDString = "Structure::Algebra";
			remoteInfo = Algebra;
		};
		07887C4F1F3281A200D6D66B /* PBXContainerItemProxy */ = {
			isa = PBXContainerItemProxy;
			containerPortal = OBJ_1 /* Project object */;
			proxyType = 1;
			remoteGlobalIDString = "Structure::Destructure";
			remoteInfo = Destructure;
		};
		07887C501F3281A200D6D66B /* PBXContainerItemProxy */ = {
			isa = PBXContainerItemProxy;
			containerPortal = OBJ_1 /* Project object */;
			proxyType = 1;
			remoteGlobalIDString = "Structure::Destructure";
			remoteInfo = Destructure;
		};
		07887C511F3281A200D6D66B /* PBXContainerItemProxy */ = {
			isa = PBXContainerItemProxy;
			containerPortal = OBJ_1 /* Project object */;
			proxyType = 1;
			remoteGlobalIDString = "Structure::Algebra";
			remoteInfo = Algebra;
		};
		07887C521F3281A200D6D66B /* PBXContainerItemProxy */ = {
			isa = PBXContainerItemProxy;
			containerPortal = OBJ_1 /* Project object */;
			proxyType = 1;
			remoteGlobalIDString = "Structure::Destructure";
			remoteInfo = Destructure;
		};
		07887C531F3281A200D6D66B /* PBXContainerItemProxy */ = {
			isa = PBXContainerItemProxy;
			containerPortal = OBJ_1 /* Project object */;
			proxyType = 1;
			remoteGlobalIDString = "Structure::DataStructures";
			remoteInfo = DataStructures;
		};
		07887C541F3281A200D6D66B /* PBXContainerItemProxy */ = {
			isa = PBXContainerItemProxy;
			containerPortal = OBJ_1 /* Project object */;
			proxyType = 1;
			remoteGlobalIDString = "Structure::Structure";
			remoteInfo = Structure;
		};
		07887C551F3281A200D6D66B /* PBXContainerItemProxy */ = {
			isa = PBXContainerItemProxy;
			containerPortal = OBJ_1 /* Project object */;
			proxyType = 1;
			remoteGlobalIDString = "Structure::StructureWrapping";
			remoteInfo = StructureWrapping;
		};
		07887C561F3281A200D6D66B /* PBXContainerItemProxy */ = {
			isa = PBXContainerItemProxy;
			containerPortal = OBJ_1 /* Project object */;
			proxyType = 1;
			remoteGlobalIDString = "Structure::DictionaryProtocol";
			remoteInfo = DictionaryProtocol;
		};
		07887C571F3281A200D6D66B /* PBXContainerItemProxy */ = {
			isa = PBXContainerItemProxy;
			containerPortal = OBJ_1 /* Project object */;
			proxyType = 1;
			remoteGlobalIDString = "Structure::Restructure";
			remoteInfo = Restructure;
		};
		07887C581F3281A200D6D66B /* PBXContainerItemProxy */ = {
			isa = PBXContainerItemProxy;
			containerPortal = OBJ_1 /* Project object */;
			proxyType = 1;
			remoteGlobalIDString = "Structure::Algebra";
			remoteInfo = Algebra;
		};
		07887C591F3281A200D6D66B /* PBXContainerItemProxy */ = {
			isa = PBXContainerItemProxy;
			containerPortal = OBJ_1 /* Project object */;
			proxyType = 1;
			remoteGlobalIDString = "Structure::Destructure";
			remoteInfo = Destructure;
		};
		07887C5A1F3281A200D6D66B /* PBXContainerItemProxy */ = {
			isa = PBXContainerItemProxy;
			containerPortal = OBJ_1 /* Project object */;
			proxyType = 1;
			remoteGlobalIDString = "Structure::Structure";
			remoteInfo = Structure;
		};
		07887C5B1F3281A200D6D66B /* PBXContainerItemProxy */ = {
			isa = PBXContainerItemProxy;
			containerPortal = OBJ_1 /* Project object */;
			proxyType = 1;
			remoteGlobalIDString = "Structure::StructureWrapping";
			remoteInfo = StructureWrapping;
		};
		07887C5C1F3281A200D6D66B /* PBXContainerItemProxy */ = {
			isa = PBXContainerItemProxy;
			containerPortal = OBJ_1 /* Project object */;
			proxyType = 1;
			remoteGlobalIDString = "Structure::DictionaryProtocol";
			remoteInfo = DictionaryProtocol;
		};
		07887C5D1F3281A200D6D66B /* PBXContainerItemProxy */ = {
			isa = PBXContainerItemProxy;
			containerPortal = OBJ_1 /* Project object */;
			proxyType = 1;
			remoteGlobalIDString = "Structure::Restructure";
			remoteInfo = Restructure;
		};
		07887C5E1F3281A200D6D66B /* PBXContainerItemProxy */ = {
			isa = PBXContainerItemProxy;
			containerPortal = OBJ_1 /* Project object */;
			proxyType = 1;
			remoteGlobalIDString = "Structure::Algebra";
			remoteInfo = Algebra;
		};
		07887C5F1F3281A200D6D66B /* PBXContainerItemProxy */ = {
			isa = PBXContainerItemProxy;
			containerPortal = OBJ_1 /* Project object */;
			proxyType = 1;
			remoteGlobalIDString = "Structure::Destructure";
			remoteInfo = Destructure;
		};
		07887C601F3281A200D6D66B /* PBXContainerItemProxy */ = {
			isa = PBXContainerItemProxy;
			containerPortal = OBJ_1 /* Project object */;
			proxyType = 1;
			remoteGlobalIDString = "Timeline::Timeline";
			remoteInfo = Timeline;
		};
		07887C611F3281A200D6D66B /* PBXContainerItemProxy */ = {
			isa = PBXContainerItemProxy;
			containerPortal = OBJ_1 /* Project object */;
			proxyType = 1;
			remoteGlobalIDString = "Math::Math";
			remoteInfo = Math;
		};
		07887C621F3281A200D6D66B /* PBXContainerItemProxy */ = {
			isa = PBXContainerItemProxy;
			containerPortal = OBJ_1 /* Project object */;
			proxyType = 1;
			remoteGlobalIDString = "Structure::DataStructures";
			remoteInfo = DataStructures;
		};
		07887C631F3281A200D6D66B /* PBXContainerItemProxy */ = {
			isa = PBXContainerItemProxy;
			containerPortal = OBJ_1 /* Project object */;
			proxyType = 1;
			remoteGlobalIDString = "Structure::Structure";
			remoteInfo = Structure;
		};
		07887C641F3281A200D6D66B /* PBXContainerItemProxy */ = {
			isa = PBXContainerItemProxy;
			containerPortal = OBJ_1 /* Project object */;
			proxyType = 1;
			remoteGlobalIDString = "Structure::StructureWrapping";
			remoteInfo = StructureWrapping;
		};
		07887C651F3281A200D6D66B /* PBXContainerItemProxy */ = {
			isa = PBXContainerItemProxy;
			containerPortal = OBJ_1 /* Project object */;
			proxyType = 1;
			remoteGlobalIDString = "Structure::DictionaryProtocol";
			remoteInfo = DictionaryProtocol;
		};
		07887C661F3281A200D6D66B /* PBXContainerItemProxy */ = {
			isa = PBXContainerItemProxy;
			containerPortal = OBJ_1 /* Project object */;
			proxyType = 1;
			remoteGlobalIDString = "Structure::Restructure";
			remoteInfo = Restructure;
		};
		07887C671F3281A200D6D66B /* PBXContainerItemProxy */ = {
			isa = PBXContainerItemProxy;
			containerPortal = OBJ_1 /* Project object */;
			proxyType = 1;
			remoteGlobalIDString = "Structure::Algebra";
			remoteInfo = Algebra;
		};
		07887C681F3281A200D6D66B /* PBXContainerItemProxy */ = {
			isa = PBXContainerItemProxy;
			containerPortal = OBJ_1 /* Project object */;
			proxyType = 1;
			remoteGlobalIDString = "Structure::Destructure";
			remoteInfo = Destructure;
		};
		07887C691F3281A200D6D66B /* PBXContainerItemProxy */ = {
			isa = PBXContainerItemProxy;
			containerPortal = OBJ_1 /* Project object */;
			proxyType = 1;
			remoteGlobalIDString = "Timeline::TimelineTests";
			remoteInfo = TimelineTests;
		};
/* End PBXContainerItemProxy section */

/* Begin PBXFileReference section */
		"Math::Math::Product" /* Math.framework */ = {isa = PBXFileReference; explicitFileType = wrapper.framework; path = Math.framework; sourceTree = BUILT_PRODUCTS_DIR; };
		OBJ_10 /* Timeline.Action.swift */ = {isa = PBXFileReference; lastKnownFileType = sourcecode.swift; path = Timeline.Action.swift; sourceTree = "<group>"; };
		OBJ_100 /* ReferenceGraph.swift */ = {isa = PBXFileReference; lastKnownFileType = sourcecode.swift; path = ReferenceGraph.swift; sourceTree = "<group>"; };
		OBJ_101 /* ReferenceTree.swift */ = {isa = PBXFileReference; lastKnownFileType = sourcecode.swift; path = ReferenceTree.swift; sourceTree = "<group>"; };
		OBJ_102 /* ReferenceTreeProtocol.swift */ = {isa = PBXFileReference; lastKnownFileType = sourcecode.swift; path = ReferenceTreeProtocol.swift; sourceTree = "<group>"; };
		OBJ_103 /* SingleTypedTree.swift */ = {isa = PBXFileReference; lastKnownFileType = sourcecode.swift; path = SingleTypedTree.swift; sourceTree = "<group>"; };
		OBJ_104 /* SortedArray.swift */ = {isa = PBXFileReference; lastKnownFileType = sourcecode.swift; path = SortedArray.swift; sourceTree = "<group>"; };
		OBJ_105 /* SortedDictionary.swift */ = {isa = PBXFileReference; lastKnownFileType = sourcecode.swift; path = SortedDictionary.swift; sourceTree = "<group>"; };
		OBJ_106 /* Stack.swift */ = {isa = PBXFileReference; lastKnownFileType = sourcecode.swift; path = Stack.swift; sourceTree = "<group>"; };
		OBJ_107 /* Tree.swift */ = {isa = PBXFileReference; lastKnownFileType = sourcecode.swift; path = Tree.swift; sourceTree = "<group>"; };
		OBJ_108 /* Zip3Sequence.swift */ = {isa = PBXFileReference; lastKnownFileType = sourcecode.swift; path = Zip3Sequence.swift; sourceTree = "<group>"; };
		OBJ_11 /* Timeline.Clock.swift */ = {isa = PBXFileReference; lastKnownFileType = sourcecode.swift; path = Timeline.Clock.swift; sourceTree = "<group>"; };
		OBJ_12 /* Timeline.Schedule.swift */ = {isa = PBXFileReference; lastKnownFileType = sourcecode.swift; path = Timeline.Schedule.swift; sourceTree = "<group>"; };
		OBJ_13 /* Timeline.Timer.swift */ = {isa = PBXFileReference; lastKnownFileType = sourcecode.swift; path = Timeline.Timer.swift; sourceTree = "<group>"; };
		OBJ_14 /* Timeline.swift */ = {isa = PBXFileReference; lastKnownFileType = sourcecode.swift; path = Timeline.swift; sourceTree = "<group>"; };
		OBJ_17 /* ScheduleTests.swift */ = {isa = PBXFileReference; lastKnownFileType = sourcecode.swift; path = ScheduleTests.swift; sourceTree = "<group>"; };
		OBJ_18 /* TimelineTests.swift */ = {isa = PBXFileReference; lastKnownFileType = sourcecode.swift; path = TimelineTests.swift; sourceTree = "<group>"; };
		OBJ_19 /* Timeline */ = {isa = PBXFileReference; lastKnownFileType = folder; path = Timeline; sourceTree = SOURCE_ROOT; };
		OBJ_20 /* TimelineTests */ = {isa = PBXFileReference; lastKnownFileType = folder; path = TimelineTests; sourceTree = SOURCE_ROOT; };
		OBJ_24 /* BidirectionalCollectionExtensions.swift */ = {isa = PBXFileReference; lastKnownFileType = sourcecode.swift; path = BidirectionalCollectionExtensions.swift; sourceTree = "<group>"; };
		OBJ_25 /* BinaryFloatingPointExtensions.swift */ = {isa = PBXFileReference; lastKnownFileType = sourcecode.swift; path = BinaryFloatingPointExtensions.swift; sourceTree = "<group>"; };
		OBJ_26 /* DoubleExtensions.swift */ = {isa = PBXFileReference; lastKnownFileType = sourcecode.swift; path = DoubleExtensions.swift; sourceTree = "<group>"; };
		OBJ_27 /* Fraction.swift */ = {isa = PBXFileReference; lastKnownFileType = sourcecode.swift; path = Fraction.swift; sourceTree = "<group>"; };
		OBJ_28 /* Functions.swift */ = {isa = PBXFileReference; lastKnownFileType = sourcecode.swift; path = Functions.swift; sourceTree = "<group>"; };
		OBJ_29 /* GCDDomain.swift */ = {isa = PBXFileReference; lastKnownFileType = sourcecode.swift; path = GCDDomain.swift; sourceTree = "<group>"; };
		OBJ_30 /* IntegerExtensions.swift */ = {isa = PBXFileReference; lastKnownFileType = sourcecode.swift; path = IntegerExtensions.swift; sourceTree = "<group>"; };
		OBJ_31 /* IntervalRelation.swift */ = {isa = PBXFileReference; lastKnownFileType = sourcecode.swift; path = IntervalRelation.swift; sourceTree = "<group>"; };
		OBJ_32 /* LinearRegression.swift */ = {isa = PBXFileReference; lastKnownFileType = sourcecode.swift; path = LinearRegression.swift; sourceTree = "<group>"; };
		OBJ_33 /* Power.swift */ = {isa = PBXFileReference; lastKnownFileType = sourcecode.swift; path = Power.swift; sourceTree = "<group>"; };
		OBJ_34 /* PowerGenerator.swift */ = {isa = PBXFileReference; lastKnownFileType = sourcecode.swift; path = PowerGenerator.swift; sourceTree = "<group>"; };
		OBJ_35 /* PowerSequence.swift */ = {isa = PBXFileReference; lastKnownFileType = sourcecode.swift; path = PowerSequence.swift; sourceTree = "<group>"; };
		OBJ_36 /* Quadratic.swift */ = {isa = PBXFileReference; lastKnownFileType = sourcecode.swift; path = Quadratic.swift; sourceTree = "<group>"; };
		OBJ_37 /* RandomProducing.swift */ = {isa = PBXFileReference; lastKnownFileType = sourcecode.swift; path = RandomProducing.swift; sourceTree = "<group>"; };
		OBJ_38 /* RangeProtocol.swift */ = {isa = PBXFileReference; lastKnownFileType = sourcecode.swift; path = RangeProtocol.swift; sourceTree = "<group>"; };
		OBJ_39 /* Rational.swift */ = {isa = PBXFileReference; lastKnownFileType = sourcecode.swift; path = Rational.swift; sourceTree = "<group>"; };
		OBJ_40 /* StringFormatting.swift */ = {isa = PBXFileReference; lastKnownFileType = sourcecode.swift; path = StringFormatting.swift; sourceTree = "<group>"; };
		OBJ_41 /* Vector2.swift */ = {isa = PBXFileReference; lastKnownFileType = sourcecode.swift; path = Vector2.swift; sourceTree = "<group>"; };
		OBJ_44 /* DictionaryProtocol.swift */ = {isa = PBXFileReference; lastKnownFileType = sourcecode.swift; path = DictionaryProtocol.swift; sourceTree = "<group>"; };
		OBJ_46 /* CollectionWrapping.swift */ = {isa = PBXFileReference; lastKnownFileType = sourcecode.swift; path = CollectionWrapping.swift; sourceTree = "<group>"; };
		OBJ_47 /* DoubleWrapping.swift */ = {isa = PBXFileReference; lastKnownFileType = sourcecode.swift; path = DoubleWrapping.swift; sourceTree = "<group>"; };
		OBJ_48 /* FloatWrapping.swift */ = {isa = PBXFileReference; lastKnownFileType = sourcecode.swift; path = FloatWrapping.swift; sourceTree = "<group>"; };
		OBJ_49 /* IntegerWrapping.swift */ = {isa = PBXFileReference; lastKnownFileType = sourcecode.swift; path = IntegerWrapping.swift; sourceTree = "<group>"; };
		OBJ_50 /* RandomAccessCollectionWrapping.swift */ = {isa = PBXFileReference; lastKnownFileType = sourcecode.swift; path = RandomAccessCollectionWrapping.swift; sourceTree = "<group>"; };
		OBJ_51 /* SequenceWrapping.swift */ = {isa = PBXFileReference; lastKnownFileType = sourcecode.swift; path = SequenceWrapping.swift; sourceTree = "<group>"; };
		OBJ_52 /* SortedCollectionWrapping.swift */ = {isa = PBXFileReference; lastKnownFileType = sourcecode.swift; path = SortedCollectionWrapping.swift; sourceTree = "<group>"; };
		OBJ_54 /* Destructure.swift */ = {isa = PBXFileReference; lastKnownFileType = sourcecode.swift; path = Destructure.swift; sourceTree = "<group>"; };
		OBJ_56 /* Accumulate.swift */ = {isa = PBXFileReference; lastKnownFileType = sourcecode.swift; path = Accumulate.swift; sourceTree = "<group>"; };
		OBJ_57 /* Additive.swift */ = {isa = PBXFileReference; lastKnownFileType = sourcecode.swift; path = Additive.swift; sourceTree = "<group>"; };
		OBJ_58 /* AdditiveSemigroup.swift */ = {isa = PBXFileReference; lastKnownFileType = sourcecode.swift; path = AdditiveSemigroup.swift; sourceTree = "<group>"; };
		OBJ_59 /* AlgebraAdapters.swift */ = {isa = PBXFileReference; lastKnownFileType = sourcecode.swift; path = AlgebraAdapters.swift; sourceTree = "<group>"; };
		OBJ_6 /* Package.swift */ = {isa = PBXFileReference; explicitFileType = sourcecode.swift; path = Package.swift; sourceTree = "<group>"; };
		OBJ_60 /* Monoid.swift */ = {isa = PBXFileReference; lastKnownFileType = sourcecode.swift; path = Monoid.swift; sourceTree = "<group>"; };
		OBJ_61 /* MonoidView.swift */ = {isa = PBXFileReference; lastKnownFileType = sourcecode.swift; path = MonoidView.swift; sourceTree = "<group>"; };
		OBJ_62 /* Multiplicative.swift */ = {isa = PBXFileReference; lastKnownFileType = sourcecode.swift; path = Multiplicative.swift; sourceTree = "<group>"; };
		OBJ_63 /* MultiplicativeSemigroup.swift */ = {isa = PBXFileReference; lastKnownFileType = sourcecode.swift; path = MultiplicativeSemigroup.swift; sourceTree = "<group>"; };
		OBJ_64 /* One.swift */ = {isa = PBXFileReference; lastKnownFileType = sourcecode.swift; path = One.swift; sourceTree = "<group>"; };
		OBJ_65 /* Product.swift */ = {isa = PBXFileReference; lastKnownFileType = sourcecode.swift; path = Product.swift; sourceTree = "<group>"; };
		OBJ_66 /* Semigroup.swift */ = {isa = PBXFileReference; lastKnownFileType = sourcecode.swift; path = Semigroup.swift; sourceTree = "<group>"; };
		OBJ_67 /* Sum.swift */ = {isa = PBXFileReference; lastKnownFileType = sourcecode.swift; path = Sum.swift; sourceTree = "<group>"; };
		OBJ_68 /* Zero.swift */ = {isa = PBXFileReference; lastKnownFileType = sourcecode.swift; path = Zero.swift; sourceTree = "<group>"; };
		OBJ_70 /* ArrayError.swift */ = {isa = PBXFileReference; lastKnownFileType = sourcecode.swift; path = ArrayError.swift; sourceTree = "<group>"; };
		OBJ_71 /* Bitwise.swift */ = {isa = PBXFileReference; lastKnownFileType = sourcecode.swift; path = Bitwise.swift; sourceTree = "<group>"; };
		OBJ_72 /* Combinations.swift */ = {isa = PBXFileReference; lastKnownFileType = sourcecode.swift; path = Combinations.swift; sourceTree = "<group>"; };
		OBJ_73 /* Either.swift */ = {isa = PBXFileReference; lastKnownFileType = sourcecode.swift; path = Either.swift; sourceTree = "<group>"; };
		OBJ_74 /* ElementsAtIndices.swift */ = {isa = PBXFileReference; lastKnownFileType = sourcecode.swift; path = ElementsAtIndices.swift; sourceTree = "<group>"; };
		OBJ_75 /* InvertibleOptionSet.swift */ = {isa = PBXFileReference; lastKnownFileType = sourcecode.swift; path = InvertibleOptionSet.swift; sourceTree = "<group>"; };
		OBJ_76 /* Pairs.swift */ = {isa = PBXFileReference; lastKnownFileType = sourcecode.swift; path = Pairs.swift; sourceTree = "<group>"; };
		OBJ_77 /* PatternMatching.swift */ = {isa = PBXFileReference; lastKnownFileType = sourcecode.swift; path = PatternMatching.swift; sourceTree = "<group>"; };
		OBJ_78 /* Predicates.swift */ = {isa = PBXFileReference; lastKnownFileType = sourcecode.swift; path = Predicates.swift; sourceTree = "<group>"; };
		OBJ_79 /* RawRepresentable+AllCases.swift */ = {isa = PBXFileReference; lastKnownFileType = sourcecode.swift; path = "RawRepresentable+AllCases.swift"; sourceTree = "<group>"; };
		OBJ_80 /* RawRepresentable+Comparable.swift */ = {isa = PBXFileReference; lastKnownFileType = sourcecode.swift; path = "RawRepresentable+Comparable.swift"; sourceTree = "<group>"; };
		OBJ_81 /* RawRepresentable+Equatable.swift */ = {isa = PBXFileReference; lastKnownFileType = sourcecode.swift; path = "RawRepresentable+Equatable.swift"; sourceTree = "<group>"; };
		OBJ_82 /* RemoveElements.swift */ = {isa = PBXFileReference; lastKnownFileType = sourcecode.swift; path = RemoveElements.swift; sourceTree = "<group>"; };
		OBJ_83 /* ReplaceElements.swift */ = {isa = PBXFileReference; lastKnownFileType = sourcecode.swift; path = ReplaceElements.swift; sourceTree = "<group>"; };
		OBJ_84 /* Split.swift */ = {isa = PBXFileReference; lastKnownFileType = sourcecode.swift; path = Split.swift; sourceTree = "<group>"; };
		OBJ_85 /* StableSort.swift */ = {isa = PBXFileReference; lastKnownFileType = sourcecode.swift; path = StableSort.swift; sourceTree = "<group>"; };
		OBJ_86 /* Subsets.swift */ = {isa = PBXFileReference; lastKnownFileType = sourcecode.swift; path = Subsets.swift; sourceTree = "<group>"; };
		OBJ_87 /* Swap.swift */ = {isa = PBXFileReference; lastKnownFileType = sourcecode.swift; path = Swap.swift; sourceTree = "<group>"; };
		OBJ_88 /* TupleMap.swift */ = {isa = PBXFileReference; lastKnownFileType = sourcecode.swift; path = TupleMap.swift; sourceTree = "<group>"; };
		OBJ_9 /* Duration.swift */ = {isa = PBXFileReference; lastKnownFileType = sourcecode.swift; path = Duration.swift; sourceTree = "<group>"; };
		OBJ_90 /* Restructure.swift */ = {isa = PBXFileReference; lastKnownFileType = sourcecode.swift; path = Restructure.swift; sourceTree = "<group>"; };
		OBJ_92 /* CircularArray.swift */ = {isa = PBXFileReference; lastKnownFileType = sourcecode.swift; path = CircularArray.swift; sourceTree = "<group>"; };
		OBJ_93 /* LinkedList.swift */ = {isa = PBXFileReference; lastKnownFileType = sourcecode.swift; path = LinkedList.swift; sourceTree = "<group>"; };
		OBJ_94 /* Matrix.swift */ = {isa = PBXFileReference; lastKnownFileType = sourcecode.swift; path = Matrix.swift; sourceTree = "<group>"; };
		OBJ_95 /* OrderedDictionary.swift */ = {isa = PBXFileReference; lastKnownFileType = sourcecode.swift; path = OrderedDictionary.swift; sourceTree = "<group>"; };
		OBJ_96 /* ReferenceGraph.AdjacencyList.swift */ = {isa = PBXFileReference; lastKnownFileType = sourcecode.swift; path = ReferenceGraph.AdjacencyList.swift; sourceTree = "<group>"; };
		OBJ_97 /* ReferenceGraph.Edge.swift */ = {isa = PBXFileReference; lastKnownFileType = sourcecode.swift; path = ReferenceGraph.Edge.swift; sourceTree = "<group>"; };
		OBJ_98 /* ReferenceGraph.EdgeList.swift */ = {isa = PBXFileReference; lastKnownFileType = sourcecode.swift; path = ReferenceGraph.EdgeList.swift; sourceTree = "<group>"; };
		OBJ_99 /* ReferenceGraph.Node.swift */ = {isa = PBXFileReference; lastKnownFileType = sourcecode.swift; path = ReferenceGraph.Node.swift; sourceTree = "<group>"; };
		"Structure::Algebra::Product" /* Algebra.framework */ = {isa = PBXFileReference; explicitFileType = wrapper.framework; path = Algebra.framework; sourceTree = BUILT_PRODUCTS_DIR; };
		"Structure::DataStructures::Product" /* DataStructures.framework */ = {isa = PBXFileReference; explicitFileType = wrapper.framework; path = DataStructures.framework; sourceTree = BUILT_PRODUCTS_DIR; };
		"Structure::Destructure::Product" /* Destructure.framework */ = {isa = PBXFileReference; explicitFileType = wrapper.framework; path = Destructure.framework; sourceTree = BUILT_PRODUCTS_DIR; };
		"Structure::DictionaryProtocol::Product" /* DictionaryProtocol.framework */ = {isa = PBXFileReference; explicitFileType = wrapper.framework; path = DictionaryProtocol.framework; sourceTree = BUILT_PRODUCTS_DIR; };
		"Structure::Restructure::Product" /* Restructure.framework */ = {isa = PBXFileReference; explicitFileType = wrapper.framework; path = Restructure.framework; sourceTree = BUILT_PRODUCTS_DIR; };
		"Structure::Structure::Product" /* Structure.framework */ = {isa = PBXFileReference; explicitFileType = wrapper.framework; path = Structure.framework; sourceTree = BUILT_PRODUCTS_DIR; };
		"Structure::StructureWrapping::Product" /* StructureWrapping.framework */ = {isa = PBXFileReference; explicitFileType = wrapper.framework; path = StructureWrapping.framework; sourceTree = BUILT_PRODUCTS_DIR; };
		"Timeline::Timeline::Product" /* Timeline.framework */ = {isa = PBXFileReference; explicitFileType = wrapper.framework; path = Timeline.framework; sourceTree = BUILT_PRODUCTS_DIR; };
		"Timeline::TimelineTests::Product" /* TimelineTests.xctest */ = {isa = PBXFileReference; lastKnownFileType = file; path = TimelineTests.xctest; sourceTree = BUILT_PRODUCTS_DIR; };
/* End PBXFileReference section */

/* Begin PBXFrameworksBuildPhase section */
		OBJ_127 /* Frameworks */ = {
			isa = PBXFrameworksBuildPhase;
			buildActionMask = 0;
			files = (
				OBJ_128 /* Timeline.framework in Frameworks */,
				OBJ_129 /* Math.framework in Frameworks */,
				OBJ_130 /* DataStructures.framework in Frameworks */,
				OBJ_131 /* Structure.framework in Frameworks */,
				OBJ_132 /* StructureWrapping.framework in Frameworks */,
				OBJ_133 /* DictionaryProtocol.framework in Frameworks */,
				OBJ_134 /* Restructure.framework in Frameworks */,
				OBJ_135 /* Algebra.framework in Frameworks */,
				OBJ_136 /* Destructure.framework in Frameworks */,
			);
			runOnlyForDeploymentPostprocessing = 0;
		};
		OBJ_165 /* Frameworks */ = {
			isa = PBXFrameworksBuildPhase;
			buildActionMask = 0;
			files = (
				OBJ_166 /* Math.framework in Frameworks */,
				OBJ_167 /* DataStructures.framework in Frameworks */,
				OBJ_168 /* Structure.framework in Frameworks */,
				OBJ_169 /* StructureWrapping.framework in Frameworks */,
				OBJ_170 /* DictionaryProtocol.framework in Frameworks */,
				OBJ_171 /* Restructure.framework in Frameworks */,
				OBJ_172 /* Algebra.framework in Frameworks */,
				OBJ_173 /* Destructure.framework in Frameworks */,
			);
			runOnlyForDeploymentPostprocessing = 0;
		};
		OBJ_204 /* Frameworks */ = {
			isa = PBXFrameworksBuildPhase;
			buildActionMask = 0;
			files = (
				OBJ_205 /* Structure.framework in Frameworks */,
				OBJ_206 /* Algebra.framework in Frameworks */,
				OBJ_207 /* Destructure.framework in Frameworks */,
			);
			runOnlyForDeploymentPostprocessing = 0;
		};
		OBJ_232 /* Frameworks */ = {
			isa = PBXFrameworksBuildPhase;
			buildActionMask = 0;
			files = (
				OBJ_233 /* Structure.framework in Frameworks */,
				OBJ_234 /* StructureWrapping.framework in Frameworks */,
				OBJ_235 /* DictionaryProtocol.framework in Frameworks */,
				OBJ_236 /* Restructure.framework in Frameworks */,
				OBJ_237 /* Algebra.framework in Frameworks */,
				OBJ_238 /* Destructure.framework in Frameworks */,
			);
			runOnlyForDeploymentPostprocessing = 0;
		};
		OBJ_268 /* Frameworks */ = {
			isa = PBXFrameworksBuildPhase;
			buildActionMask = 0;
			files = (
				OBJ_269 /* Algebra.framework in Frameworks */,
				OBJ_270 /* Destructure.framework in Frameworks */,
			);
			runOnlyForDeploymentPostprocessing = 0;
		};
		OBJ_284 /* Frameworks */ = {
			isa = PBXFrameworksBuildPhase;
			buildActionMask = 0;
			files = (
			);
			runOnlyForDeploymentPostprocessing = 0;
		};
		OBJ_290 /* Frameworks */ = {
			isa = PBXFrameworksBuildPhase;
			buildActionMask = 0;
			files = (
			);
			runOnlyForDeploymentPostprocessing = 0;
		};
		OBJ_296 /* Frameworks */ = {
			isa = PBXFrameworksBuildPhase;
			buildActionMask = 0;
			files = (
			);
			runOnlyForDeploymentPostprocessing = 0;
		};
		OBJ_314 /* Frameworks */ = {
			isa = PBXFrameworksBuildPhase;
			buildActionMask = 0;
			files = (
				OBJ_315 /* Destructure.framework in Frameworks */,
			);
			runOnlyForDeploymentPostprocessing = 0;
		};
		OBJ_322 /* Frameworks */ = {
			isa = PBXFrameworksBuildPhase;
			buildActionMask = 0;
			files = (
			);
			runOnlyForDeploymentPostprocessing = 0;
		};
/* End PBXFrameworksBuildPhase section */

/* Begin PBXGroup section */
		OBJ_109 /* Products */ = {
			isa = PBXGroup;
			children = (
				"Timeline::TimelineTests::Product" /* TimelineTests.xctest */,
				"Timeline::Timeline::Product" /* Timeline.framework */,
				"Math::Math::Product" /* Math.framework */,
				"Structure::DataStructures::Product" /* DataStructures.framework */,
				"Structure::Structure::Product" /* Structure.framework */,
				"Structure::StructureWrapping::Product" /* StructureWrapping.framework */,
				"Structure::DictionaryProtocol::Product" /* DictionaryProtocol.framework */,
				"Structure::Restructure::Product" /* Restructure.framework */,
				"Structure::Algebra::Product" /* Algebra.framework */,
				"Structure::Destructure::Product" /* Destructure.framework */,
			);
			name = Products;
			sourceTree = BUILT_PRODUCTS_DIR;
		};
		OBJ_15 /* Tests */ = {
			isa = PBXGroup;
			children = (
				OBJ_16 /* TimelineTests */,
			);
			name = Tests;
			sourceTree = SOURCE_ROOT;
		};
		OBJ_16 /* TimelineTests */ = {
			isa = PBXGroup;
			children = (
				OBJ_17 /* ScheduleTests.swift */,
				OBJ_18 /* TimelineTests.swift */,
			);
			name = TimelineTests;
			path = Tests/TimelineTests;
			sourceTree = SOURCE_ROOT;
		};
		OBJ_21 /* Dependencies */ = {
			isa = PBXGroup;
			children = (
				OBJ_22 /* Math */,
				OBJ_42 /* Structure */,
			);
			name = Dependencies;
			sourceTree = "<group>";
		};
		OBJ_22 /* Math */ = {
			isa = PBXGroup;
			children = (
				OBJ_23 /* Math */,
			);
			name = Math;
			sourceTree = SOURCE_ROOT;
		};
		OBJ_23 /* Math */ = {
			isa = PBXGroup;
			children = (
				OBJ_24 /* BidirectionalCollectionExtensions.swift */,
				OBJ_25 /* BinaryFloatingPointExtensions.swift */,
				OBJ_26 /* DoubleExtensions.swift */,
				OBJ_27 /* Fraction.swift */,
				OBJ_28 /* Functions.swift */,
				OBJ_29 /* GCDDomain.swift */,
				OBJ_30 /* IntegerExtensions.swift */,
				OBJ_31 /* IntervalRelation.swift */,
				OBJ_32 /* LinearRegression.swift */,
				OBJ_33 /* Power.swift */,
				OBJ_34 /* PowerGenerator.swift */,
				OBJ_35 /* PowerSequence.swift */,
				OBJ_36 /* Quadratic.swift */,
				OBJ_37 /* RandomProducing.swift */,
				OBJ_38 /* RangeProtocol.swift */,
				OBJ_39 /* Rational.swift */,
				OBJ_40 /* StringFormatting.swift */,
				OBJ_41 /* Vector2.swift */,
			);
			name = Math;
			path = ".build/checkouts/Math-1188503097632687626/Sources/Math";
			sourceTree = SOURCE_ROOT;
		};
		OBJ_42 /* Structure */ = {
			isa = PBXGroup;
			children = (
				OBJ_43 /* DictionaryProtocol */,
				OBJ_45 /* StructureWrapping */,
				OBJ_53 /* Destructure */,
				OBJ_55 /* Algebra */,
				OBJ_69 /* Structure */,
				OBJ_89 /* Restructure */,
				OBJ_91 /* DataStructures */,
			);
			name = Structure;
			sourceTree = SOURCE_ROOT;
		};
		OBJ_43 /* DictionaryProtocol */ = {
			isa = PBXGroup;
			children = (
				OBJ_44 /* DictionaryProtocol.swift */,
			);
			name = DictionaryProtocol;
			path = ".build/checkouts/Structure--7247618097682469052/Sources/DictionaryProtocol";
			sourceTree = SOURCE_ROOT;
		};
		OBJ_45 /* StructureWrapping */ = {
			isa = PBXGroup;
			children = (
				OBJ_46 /* CollectionWrapping.swift */,
				OBJ_47 /* DoubleWrapping.swift */,
				OBJ_48 /* FloatWrapping.swift */,
				OBJ_49 /* IntegerWrapping.swift */,
				OBJ_50 /* RandomAccessCollectionWrapping.swift */,
				OBJ_51 /* SequenceWrapping.swift */,
				OBJ_52 /* SortedCollectionWrapping.swift */,
			);
			name = StructureWrapping;
			path = ".build/checkouts/Structure--7247618097682469052/Sources/StructureWrapping";
			sourceTree = SOURCE_ROOT;
		};
		OBJ_5 /*  */ = {
			isa = PBXGroup;
			children = (
				OBJ_6 /* Package.swift */,
				OBJ_7 /* Sources */,
				OBJ_15 /* Tests */,
				OBJ_19 /* Timeline */,
				OBJ_20 /* TimelineTests */,
				OBJ_21 /* Dependencies */,
				OBJ_109 /* Products */,
			);
			name = "";
			sourceTree = "<group>";
		};
		OBJ_53 /* Destructure */ = {
			isa = PBXGroup;
			children = (
				OBJ_54 /* Destructure.swift */,
			);
			name = Destructure;
			path = ".build/checkouts/Structure--7247618097682469052/Sources/Destructure";
			sourceTree = SOURCE_ROOT;
		};
		OBJ_55 /* Algebra */ = {
			isa = PBXGroup;
			children = (
				OBJ_56 /* Accumulate.swift */,
				OBJ_57 /* Additive.swift */,
				OBJ_58 /* AdditiveSemigroup.swift */,
				OBJ_59 /* AlgebraAdapters.swift */,
				OBJ_60 /* Monoid.swift */,
				OBJ_61 /* MonoidView.swift */,
				OBJ_62 /* Multiplicative.swift */,
				OBJ_63 /* MultiplicativeSemigroup.swift */,
				OBJ_64 /* One.swift */,
				OBJ_65 /* Product.swift */,
				OBJ_66 /* Semigroup.swift */,
				OBJ_67 /* Sum.swift */,
				OBJ_68 /* Zero.swift */,
			);
			name = Algebra;
			path = ".build/checkouts/Structure--7247618097682469052/Sources/Algebra";
			sourceTree = SOURCE_ROOT;
		};
		OBJ_69 /* Structure */ = {
			isa = PBXGroup;
			children = (
				OBJ_70 /* ArrayError.swift */,
				OBJ_71 /* Bitwise.swift */,
				OBJ_72 /* Combinations.swift */,
				OBJ_73 /* Either.swift */,
				OBJ_74 /* ElementsAtIndices.swift */,
				OBJ_75 /* InvertibleOptionSet.swift */,
				OBJ_76 /* Pairs.swift */,
				OBJ_77 /* PatternMatching.swift */,
				OBJ_78 /* Predicates.swift */,
				OBJ_79 /* RawRepresentable+AllCases.swift */,
				OBJ_80 /* RawRepresentable+Comparable.swift */,
				OBJ_81 /* RawRepresentable+Equatable.swift */,
				OBJ_82 /* RemoveElements.swift */,
				OBJ_83 /* ReplaceElements.swift */,
				OBJ_84 /* Split.swift */,
				OBJ_85 /* StableSort.swift */,
				OBJ_86 /* Subsets.swift */,
				OBJ_87 /* Swap.swift */,
				OBJ_88 /* TupleMap.swift */,
			);
			name = Structure;
			path = ".build/checkouts/Structure--7247618097682469052/Sources/Structure";
			sourceTree = SOURCE_ROOT;
		};
		OBJ_7 /* Sources */ = {
			isa = PBXGroup;
			children = (
				OBJ_8 /* Timeline */,
			);
			name = Sources;
			sourceTree = SOURCE_ROOT;
		};
		OBJ_8 /* Timeline */ = {
			isa = PBXGroup;
			children = (
				OBJ_9 /* Duration.swift */,
				OBJ_10 /* Timeline.Action.swift */,
				OBJ_11 /* Timeline.Clock.swift */,
				OBJ_12 /* Timeline.Schedule.swift */,
				OBJ_13 /* Timeline.Timer.swift */,
				OBJ_14 /* Timeline.swift */,
			);
			name = Timeline;
			path = Sources/Timeline;
			sourceTree = SOURCE_ROOT;
		};
		OBJ_89 /* Restructure */ = {
			isa = PBXGroup;
			children = (
				OBJ_90 /* Restructure.swift */,
			);
			name = Restructure;
			path = ".build/checkouts/Structure--7247618097682469052/Sources/Restructure";
			sourceTree = SOURCE_ROOT;
		};
		OBJ_91 /* DataStructures */ = {
			isa = PBXGroup;
			children = (
				OBJ_92 /* CircularArray.swift */,
				OBJ_93 /* LinkedList.swift */,
				OBJ_94 /* Matrix.swift */,
				OBJ_95 /* OrderedDictionary.swift */,
				OBJ_96 /* ReferenceGraph.AdjacencyList.swift */,
				OBJ_97 /* ReferenceGraph.Edge.swift */,
				OBJ_98 /* ReferenceGraph.EdgeList.swift */,
				OBJ_99 /* ReferenceGraph.Node.swift */,
				OBJ_100 /* ReferenceGraph.swift */,
				OBJ_101 /* ReferenceTree.swift */,
				OBJ_102 /* ReferenceTreeProtocol.swift */,
				OBJ_103 /* SingleTypedTree.swift */,
				OBJ_104 /* SortedArray.swift */,
				OBJ_105 /* SortedDictionary.swift */,
				OBJ_106 /* Stack.swift */,
				OBJ_107 /* Tree.swift */,
				OBJ_108 /* Zip3Sequence.swift */,
			);
			name = DataStructures;
			path = ".build/checkouts/Structure--7247618097682469052/Sources/DataStructures";
			sourceTree = SOURCE_ROOT;
		};
/* End PBXGroup section */

/* Begin PBXNativeTarget section */
		"Math::Math" /* Math */ = {
			isa = PBXNativeTarget;
			buildConfigurationList = OBJ_182 /* Build configuration list for PBXNativeTarget "Math" */;
			buildPhases = (
				OBJ_185 /* Sources */,
				OBJ_204 /* Frameworks */,
			);
			buildRules = (
			);
			dependencies = (
				OBJ_208 /* PBXTargetDependency */,
				OBJ_209 /* PBXTargetDependency */,
				OBJ_210 /* PBXTargetDependency */,
			);
			name = Math;
			productName = Math;
			productReference = "Math::Math::Product" /* Math.framework */;
			productType = "com.apple.product-type.framework";
		};
		"Structure::Algebra" /* Algebra */ = {
			isa = PBXNativeTarget;
			buildConfigurationList = OBJ_297 /* Build configuration list for PBXNativeTarget "Algebra" */;
			buildPhases = (
				OBJ_300 /* Sources */,
				OBJ_314 /* Frameworks */,
			);
			buildRules = (
			);
			dependencies = (
				OBJ_316 /* PBXTargetDependency */,
			);
			name = Algebra;
			productName = Algebra;
			productReference = "Structure::Algebra::Product" /* Algebra.framework */;
			productType = "com.apple.product-type.framework";
		};
		"Structure::DataStructures" /* DataStructures */ = {
			isa = PBXNativeTarget;
			buildConfigurationList = OBJ_211 /* Build configuration list for PBXNativeTarget "DataStructures" */;
			buildPhases = (
				OBJ_214 /* Sources */,
				OBJ_232 /* Frameworks */,
			);
			buildRules = (
			);
			dependencies = (
				OBJ_239 /* PBXTargetDependency */,
				OBJ_240 /* PBXTargetDependency */,
				OBJ_241 /* PBXTargetDependency */,
				OBJ_242 /* PBXTargetDependency */,
				OBJ_243 /* PBXTargetDependency */,
				OBJ_244 /* PBXTargetDependency */,
			);
			name = DataStructures;
			productName = DataStructures;
			productReference = "Structure::DataStructures::Product" /* DataStructures.framework */;
			productType = "com.apple.product-type.framework";
		};
		"Structure::Destructure" /* Destructure */ = {
			isa = PBXNativeTarget;
			buildConfigurationList = OBJ_317 /* Build configuration list for PBXNativeTarget "Destructure" */;
			buildPhases = (
				OBJ_320 /* Sources */,
				OBJ_322 /* Frameworks */,
			);
			buildRules = (
			);
			dependencies = (
			);
			name = Destructure;
			productName = Destructure;
			productReference = "Structure::Destructure::Product" /* Destructure.framework */;
			productType = "com.apple.product-type.framework";
		};
		"Structure::DictionaryProtocol" /* DictionaryProtocol */ = {
			isa = PBXNativeTarget;
			buildConfigurationList = OBJ_285 /* Build configuration list for PBXNativeTarget "DictionaryProtocol" */;
			buildPhases = (
				OBJ_288 /* Sources */,
				OBJ_290 /* Frameworks */,
			);
			buildRules = (
			);
			dependencies = (
			);
			name = DictionaryProtocol;
			productName = DictionaryProtocol;
			productReference = "Structure::DictionaryProtocol::Product" /* DictionaryProtocol.framework */;
			productType = "com.apple.product-type.framework";
		};
		"Structure::Restructure" /* Restructure */ = {
			isa = PBXNativeTarget;
			buildConfigurationList = OBJ_291 /* Build configuration list for PBXNativeTarget "Restructure" */;
			buildPhases = (
				OBJ_294 /* Sources */,
				OBJ_296 /* Frameworks */,
			);
			buildRules = (
			);
			dependencies = (
			);
			name = Restructure;
			productName = Restructure;
			productReference = "Structure::Restructure::Product" /* Restructure.framework */;
			productType = "com.apple.product-type.framework";
		};
		"Structure::Structure" /* Structure */ = {
			isa = PBXNativeTarget;
			buildConfigurationList = OBJ_245 /* Build configuration list for PBXNativeTarget "Structure" */;
			buildPhases = (
				OBJ_248 /* Sources */,
				OBJ_268 /* Frameworks */,
			);
			buildRules = (
			);
			dependencies = (
				OBJ_271 /* PBXTargetDependency */,
				OBJ_272 /* PBXTargetDependency */,
			);
			name = Structure;
			productName = Structure;
			productReference = "Structure::Structure::Product" /* Structure.framework */;
			productType = "com.apple.product-type.framework";
		};
		"Structure::StructureWrapping" /* StructureWrapping */ = {
			isa = PBXNativeTarget;
			buildConfigurationList = OBJ_273 /* Build configuration list for PBXNativeTarget "StructureWrapping" */;
			buildPhases = (
				OBJ_276 /* Sources */,
				OBJ_284 /* Frameworks */,
			);
			buildRules = (
			);
			dependencies = (
			);
			name = StructureWrapping;
			productName = StructureWrapping;
			productReference = "Structure::StructureWrapping::Product" /* StructureWrapping.framework */;
			productType = "com.apple.product-type.framework";
		};
		"Timeline::Timeline" /* Timeline */ = {
			isa = PBXNativeTarget;
			buildConfigurationList = OBJ_155 /* Build configuration list for PBXNativeTarget "Timeline" */;
			buildPhases = (
				OBJ_158 /* Sources */,
				OBJ_165 /* Frameworks */,
			);
			buildRules = (
			);
			dependencies = (
				OBJ_174 /* PBXTargetDependency */,
				OBJ_175 /* PBXTargetDependency */,
				OBJ_176 /* PBXTargetDependency */,
				OBJ_177 /* PBXTargetDependency */,
				OBJ_178 /* PBXTargetDependency */,
				OBJ_179 /* PBXTargetDependency */,
				OBJ_180 /* PBXTargetDependency */,
				OBJ_181 /* PBXTargetDependency */,
			);
			name = Timeline;
			productName = Timeline;
			productReference = "Timeline::Timeline::Product" /* Timeline.framework */;
			productType = "com.apple.product-type.framework";
		};
		"Timeline::TimelineTests" /* TimelineTests */ = {
			isa = PBXNativeTarget;
			buildConfigurationList = OBJ_121 /* Build configuration list for PBXNativeTarget "TimelineTests" */;
			buildPhases = (
				OBJ_124 /* Sources */,
				OBJ_127 /* Frameworks */,
			);
			buildRules = (
			);
			dependencies = (
				OBJ_137 /* PBXTargetDependency */,
				OBJ_139 /* PBXTargetDependency */,
				OBJ_141 /* PBXTargetDependency */,
				OBJ_143 /* PBXTargetDependency */,
				OBJ_145 /* PBXTargetDependency */,
				OBJ_147 /* PBXTargetDependency */,
				OBJ_149 /* PBXTargetDependency */,
				OBJ_151 /* PBXTargetDependency */,
				OBJ_153 /* PBXTargetDependency */,
			);
			name = TimelineTests;
			productName = TimelineTests;
			productReference = "Timeline::TimelineTests::Product" /* TimelineTests.xctest */;
			productType = "com.apple.product-type.bundle.unit-test";
		};
/* End PBXNativeTarget section */

/* Begin PBXProject section */
		OBJ_1 /* Project object */ = {
			isa = PBXProject;
			attributes = {
				LastUpgradeCheck = 9999;
			};
			buildConfigurationList = OBJ_2 /* Build configuration list for PBXProject "Timeline" */;
			compatibilityVersion = "Xcode 3.2";
			developmentRegion = English;
			hasScannedForEncodings = 0;
			knownRegions = (
				en,
			);
			mainGroup = OBJ_5 /*  */;
			productRefGroup = OBJ_109 /* Products */;
			projectDirPath = "";
			projectRoot = "";
			targets = (
				"Timeline::TimelineTests" /* TimelineTests */,
				"Timeline::Timeline" /* Timeline */,
				"Math::Math" /* Math */,
				"Structure::DataStructures" /* DataStructures */,
				"Structure::Structure" /* Structure */,
				"Structure::StructureWrapping" /* StructureWrapping */,
				"Structure::DictionaryProtocol" /* DictionaryProtocol */,
				"Structure::Restructure" /* Restructure */,
				"Structure::Algebra" /* Algebra */,
				"Structure::Destructure" /* Destructure */,
				"Timeline::TimelinePackageTests::ProductTarget" /* TimelinePackageTests */,
			);
		};
/* End PBXProject section */

/* Begin PBXSourcesBuildPhase section */
		OBJ_124 /* Sources */ = {
			isa = PBXSourcesBuildPhase;
			buildActionMask = 0;
			files = (
				OBJ_125 /* ScheduleTests.swift in Sources */,
				OBJ_126 /* TimelineTests.swift in Sources */,
			);
			runOnlyForDeploymentPostprocessing = 0;
		};
		OBJ_158 /* Sources */ = {
			isa = PBXSourcesBuildPhase;
			buildActionMask = 0;
			files = (
				OBJ_159 /* Duration.swift in Sources */,
				OBJ_160 /* Timeline.Action.swift in Sources */,
				OBJ_161 /* Timeline.Clock.swift in Sources */,
				OBJ_162 /* Timeline.Schedule.swift in Sources */,
				OBJ_163 /* Timeline.Timer.swift in Sources */,
				OBJ_164 /* Timeline.swift in Sources */,
			);
			runOnlyForDeploymentPostprocessing = 0;
		};
		OBJ_185 /* Sources */ = {
			isa = PBXSourcesBuildPhase;
			buildActionMask = 0;
			files = (
				OBJ_186 /* BidirectionalCollectionExtensions.swift in Sources */,
				OBJ_187 /* BinaryFloatingPointExtensions.swift in Sources */,
				OBJ_188 /* DoubleExtensions.swift in Sources */,
				OBJ_189 /* Fraction.swift in Sources */,
				OBJ_190 /* Functions.swift in Sources */,
				OBJ_191 /* GCDDomain.swift in Sources */,
				OBJ_192 /* IntegerExtensions.swift in Sources */,
				OBJ_193 /* IntervalRelation.swift in Sources */,
				OBJ_194 /* LinearRegression.swift in Sources */,
				OBJ_195 /* Power.swift in Sources */,
				OBJ_196 /* PowerGenerator.swift in Sources */,
				OBJ_197 /* PowerSequence.swift in Sources */,
				OBJ_198 /* Quadratic.swift in Sources */,
				OBJ_199 /* RandomProducing.swift in Sources */,
				OBJ_200 /* RangeProtocol.swift in Sources */,
				OBJ_201 /* Rational.swift in Sources */,
				OBJ_202 /* StringFormatting.swift in Sources */,
				OBJ_203 /* Vector2.swift in Sources */,
			);
			runOnlyForDeploymentPostprocessing = 0;
		};
		OBJ_214 /* Sources */ = {
			isa = PBXSourcesBuildPhase;
			buildActionMask = 0;
			files = (
				OBJ_215 /* CircularArray.swift in Sources */,
				OBJ_216 /* LinkedList.swift in Sources */,
				OBJ_217 /* Matrix.swift in Sources */,
				OBJ_218 /* OrderedDictionary.swift in Sources */,
				OBJ_219 /* ReferenceGraph.AdjacencyList.swift in Sources */,
				OBJ_220 /* ReferenceGraph.Edge.swift in Sources */,
				OBJ_221 /* ReferenceGraph.EdgeList.swift in Sources */,
				OBJ_222 /* ReferenceGraph.Node.swift in Sources */,
				OBJ_223 /* ReferenceGraph.swift in Sources */,
				OBJ_224 /* ReferenceTree.swift in Sources */,
				OBJ_225 /* ReferenceTreeProtocol.swift in Sources */,
				OBJ_226 /* SingleTypedTree.swift in Sources */,
				OBJ_227 /* SortedArray.swift in Sources */,
				OBJ_228 /* SortedDictionary.swift in Sources */,
				OBJ_229 /* Stack.swift in Sources */,
				OBJ_230 /* Tree.swift in Sources */,
				OBJ_231 /* Zip3Sequence.swift in Sources */,
			);
			runOnlyForDeploymentPostprocessing = 0;
		};
		OBJ_248 /* Sources */ = {
			isa = PBXSourcesBuildPhase;
			buildActionMask = 0;
			files = (
				OBJ_249 /* ArrayError.swift in Sources */,
				OBJ_250 /* Bitwise.swift in Sources */,
				OBJ_251 /* Combinations.swift in Sources */,
				OBJ_252 /* Either.swift in Sources */,
				OBJ_253 /* ElementsAtIndices.swift in Sources */,
				OBJ_254 /* InvertibleOptionSet.swift in Sources */,
				OBJ_255 /* Pairs.swift in Sources */,
				OBJ_256 /* PatternMatching.swift in Sources */,
				OBJ_257 /* Predicates.swift in Sources */,
				OBJ_258 /* RawRepresentable+AllCases.swift in Sources */,
				OBJ_259 /* RawRepresentable+Comparable.swift in Sources */,
				OBJ_260 /* RawRepresentable+Equatable.swift in Sources */,
				OBJ_261 /* RemoveElements.swift in Sources */,
				OBJ_262 /* ReplaceElements.swift in Sources */,
				OBJ_263 /* Split.swift in Sources */,
				OBJ_264 /* StableSort.swift in Sources */,
				OBJ_265 /* Subsets.swift in Sources */,
				OBJ_266 /* Swap.swift in Sources */,
				OBJ_267 /* TupleMap.swift in Sources */,
			);
			runOnlyForDeploymentPostprocessing = 0;
		};
		OBJ_276 /* Sources */ = {
			isa = PBXSourcesBuildPhase;
			buildActionMask = 0;
			files = (
				OBJ_277 /* CollectionWrapping.swift in Sources */,
				OBJ_278 /* DoubleWrapping.swift in Sources */,
				OBJ_279 /* FloatWrapping.swift in Sources */,
				OBJ_280 /* IntegerWrapping.swift in Sources */,
				OBJ_281 /* RandomAccessCollectionWrapping.swift in Sources */,
				OBJ_282 /* SequenceWrapping.swift in Sources */,
				OBJ_283 /* SortedCollectionWrapping.swift in Sources */,
			);
			runOnlyForDeploymentPostprocessing = 0;
		};
		OBJ_288 /* Sources */ = {
			isa = PBXSourcesBuildPhase;
			buildActionMask = 0;
			files = (
				OBJ_289 /* DictionaryProtocol.swift in Sources */,
			);
			runOnlyForDeploymentPostprocessing = 0;
		};
		OBJ_294 /* Sources */ = {
			isa = PBXSourcesBuildPhase;
			buildActionMask = 0;
			files = (
				OBJ_295 /* Restructure.swift in Sources */,
			);
			runOnlyForDeploymentPostprocessing = 0;
		};
		OBJ_300 /* Sources */ = {
			isa = PBXSourcesBuildPhase;
			buildActionMask = 0;
			files = (
				OBJ_301 /* Accumulate.swift in Sources */,
				OBJ_302 /* Additive.swift in Sources */,
				OBJ_303 /* AdditiveSemigroup.swift in Sources */,
				OBJ_304 /* AlgebraAdapters.swift in Sources */,
				OBJ_305 /* Monoid.swift in Sources */,
				OBJ_306 /* MonoidView.swift in Sources */,
				OBJ_307 /* Multiplicative.swift in Sources */,
				OBJ_308 /* MultiplicativeSemigroup.swift in Sources */,
				OBJ_309 /* One.swift in Sources */,
				OBJ_310 /* Product.swift in Sources */,
				OBJ_311 /* Semigroup.swift in Sources */,
				OBJ_312 /* Sum.swift in Sources */,
				OBJ_313 /* Zero.swift in Sources */,
			);
			runOnlyForDeploymentPostprocessing = 0;
		};
		OBJ_320 /* Sources */ = {
			isa = PBXSourcesBuildPhase;
			buildActionMask = 0;
			files = (
				OBJ_321 /* Destructure.swift in Sources */,
			);
			runOnlyForDeploymentPostprocessing = 0;
		};
/* End PBXSourcesBuildPhase section */

/* Begin PBXTargetDependency section */
		OBJ_137 /* PBXTargetDependency */ = {
			isa = PBXTargetDependency;
			target = "Timeline::Timeline" /* Timeline */;
			targetProxy = 07887C601F3281A200D6D66B /* PBXContainerItemProxy */;
		};
		OBJ_139 /* PBXTargetDependency */ = {
			isa = PBXTargetDependency;
			target = "Math::Math" /* Math */;
			targetProxy = 07887C611F3281A200D6D66B /* PBXContainerItemProxy */;
		};
		OBJ_141 /* PBXTargetDependency */ = {
			isa = PBXTargetDependency;
			target = "Structure::DataStructures" /* DataStructures */;
			targetProxy = 07887C621F3281A200D6D66B /* PBXContainerItemProxy */;
		};
		OBJ_143 /* PBXTargetDependency */ = {
			isa = PBXTargetDependency;
			target = "Structure::Structure" /* Structure */;
			targetProxy = 07887C631F3281A200D6D66B /* PBXContainerItemProxy */;
		};
		OBJ_145 /* PBXTargetDependency */ = {
			isa = PBXTargetDependency;
			target = "Structure::StructureWrapping" /* StructureWrapping */;
			targetProxy = 07887C641F3281A200D6D66B /* PBXContainerItemProxy */;
		};
		OBJ_147 /* PBXTargetDependency */ = {
			isa = PBXTargetDependency;
			target = "Structure::DictionaryProtocol" /* DictionaryProtocol */;
			targetProxy = 07887C651F3281A200D6D66B /* PBXContainerItemProxy */;
		};
		OBJ_149 /* PBXTargetDependency */ = {
			isa = PBXTargetDependency;
			target = "Structure::Restructure" /* Restructure */;
			targetProxy = 07887C661F3281A200D6D66B /* PBXContainerItemProxy */;
		};
		OBJ_151 /* PBXTargetDependency */ = {
			isa = PBXTargetDependency;
			target = "Structure::Algebra" /* Algebra */;
			targetProxy = 07887C671F3281A200D6D66B /* PBXContainerItemProxy */;
		};
		OBJ_153 /* PBXTargetDependency */ = {
			isa = PBXTargetDependency;
			target = "Structure::Destructure" /* Destructure */;
			targetProxy = 07887C681F3281A200D6D66B /* PBXContainerItemProxy */;
		};
		OBJ_174 /* PBXTargetDependency */ = {
			isa = PBXTargetDependency;
			target = "Math::Math" /* Math */;
			targetProxy = 07887C4C1F3281A200D6D66B /* PBXContainerItemProxy */;
		};
		OBJ_175 /* PBXTargetDependency */ = {
			isa = PBXTargetDependency;
			target = "Structure::DataStructures" /* DataStructures */;
			targetProxy = 07887C531F3281A200D6D66B /* PBXContainerItemProxy */;
		};
		OBJ_176 /* PBXTargetDependency */ = {
			isa = PBXTargetDependency;
			target = "Structure::Structure" /* Structure */;
			targetProxy = 07887C5A1F3281A200D6D66B /* PBXContainerItemProxy */;
		};
		OBJ_177 /* PBXTargetDependency */ = {
			isa = PBXTargetDependency;
			target = "Structure::StructureWrapping" /* StructureWrapping */;
			targetProxy = 07887C5B1F3281A200D6D66B /* PBXContainerItemProxy */;
		};
		OBJ_178 /* PBXTargetDependency */ = {
			isa = PBXTargetDependency;
			target = "Structure::DictionaryProtocol" /* DictionaryProtocol */;
			targetProxy = 07887C5C1F3281A200D6D66B /* PBXContainerItemProxy */;
		};
		OBJ_179 /* PBXTargetDependency */ = {
			isa = PBXTargetDependency;
			target = "Structure::Restructure" /* Restructure */;
			targetProxy = 07887C5D1F3281A200D6D66B /* PBXContainerItemProxy */;
		};
		OBJ_180 /* PBXTargetDependency */ = {
			isa = PBXTargetDependency;
			target = "Structure::Algebra" /* Algebra */;
			targetProxy = 07887C5E1F3281A200D6D66B /* PBXContainerItemProxy */;
		};
		OBJ_181 /* PBXTargetDependency */ = {
			isa = PBXTargetDependency;
			target = "Structure::Destructure" /* Destructure */;
			targetProxy = 07887C5F1F3281A200D6D66B /* PBXContainerItemProxy */;
		};
		OBJ_208 /* PBXTargetDependency */ = {
			isa = PBXTargetDependency;
			target = "Structure::Structure" /* Structure */;
			targetProxy = 07887C4D1F3281A200D6D66B /* PBXContainerItemProxy */;
		};
		OBJ_209 /* PBXTargetDependency */ = {
			isa = PBXTargetDependency;
			target = "Structure::Algebra" /* Algebra */;
			targetProxy = 07887C511F3281A200D6D66B /* PBXContainerItemProxy */;
		};
		OBJ_210 /* PBXTargetDependency */ = {
			isa = PBXTargetDependency;
			target = "Structure::Destructure" /* Destructure */;
			targetProxy = 07887C521F3281A200D6D66B /* PBXContainerItemProxy */;
		};
		OBJ_239 /* PBXTargetDependency */ = {
			isa = PBXTargetDependency;
			target = "Structure::Structure" /* Structure */;
			targetProxy = 07887C541F3281A200D6D66B /* PBXContainerItemProxy */;
		};
		OBJ_240 /* PBXTargetDependency */ = {
			isa = PBXTargetDependency;
			target = "Structure::StructureWrapping" /* StructureWrapping */;
			targetProxy = 07887C551F3281A200D6D66B /* PBXContainerItemProxy */;
		};
		OBJ_241 /* PBXTargetDependency */ = {
			isa = PBXTargetDependency;
			target = "Structure::DictionaryProtocol" /* DictionaryProtocol */;
			targetProxy = 07887C561F3281A200D6D66B /* PBXContainerItemProxy */;
		};
		OBJ_242 /* PBXTargetDependency */ = {
			isa = PBXTargetDependency;
			target = "Structure::Restructure" /* Restructure */;
			targetProxy = 07887C571F3281A200D6D66B /* PBXContainerItemProxy */;
		};
		OBJ_243 /* PBXTargetDependency */ = {
			isa = PBXTargetDependency;
			target = "Structure::Algebra" /* Algebra */;
			targetProxy = 07887C581F3281A200D6D66B /* PBXContainerItemProxy */;
		};
		OBJ_244 /* PBXTargetDependency */ = {
			isa = PBXTargetDependency;
			target = "Structure::Destructure" /* Destructure */;
			targetProxy = 07887C591F3281A200D6D66B /* PBXContainerItemProxy */;
		};
		OBJ_271 /* PBXTargetDependency */ = {
			isa = PBXTargetDependency;
			target = "Structure::Algebra" /* Algebra */;
			targetProxy = 07887C4E1F3281A200D6D66B /* PBXContainerItemProxy */;
		};
		OBJ_272 /* PBXTargetDependency */ = {
			isa = PBXTargetDependency;
			target = "Structure::Destructure" /* Destructure */;
			targetProxy = 07887C501F3281A200D6D66B /* PBXContainerItemProxy */;
		};
		OBJ_316 /* PBXTargetDependency */ = {
			isa = PBXTargetDependency;
			target = "Structure::Destructure" /* Destructure */;
			targetProxy = 07887C4F1F3281A200D6D66B /* PBXContainerItemProxy */;
		};
		OBJ_327 /* PBXTargetDependency */ = {
			isa = PBXTargetDependency;
			target = "Timeline::TimelineTests" /* TimelineTests */;
			targetProxy = 07887C691F3281A200D6D66B /* PBXContainerItemProxy */;
		};
/* End PBXTargetDependency section */

/* Begin XCBuildConfiguration section */
		OBJ_122 /* Debug */ = {
			isa = XCBuildConfiguration;
			buildSettings = {
				EMBEDDED_CONTENT_CONTAINS_SWIFT = YES;
				FRAMEWORK_SEARCH_PATHS = (
					"$(inherited)",
					"$(PLATFORM_DIR)/Developer/Library/Frameworks",
				);
				HEADER_SEARCH_PATHS = "$(inherited)";
				INFOPLIST_FILE = Timeline.xcodeproj/TimelineTests_Info.plist;
				LD_RUNPATH_SEARCH_PATHS = "@loader_path/../Frameworks @loader_path/Frameworks";
				OTHER_LDFLAGS = "$(inherited)";
				OTHER_SWIFT_FLAGS = "$(inherited)";
				SWIFT_VERSION = 4.0;
				TARGET_NAME = TimelineTests;
			};
			name = Debug;
		};
		OBJ_123 /* Release */ = {
			isa = XCBuildConfiguration;
			buildSettings = {
				EMBEDDED_CONTENT_CONTAINS_SWIFT = YES;
				FRAMEWORK_SEARCH_PATHS = (
					"$(inherited)",
					"$(PLATFORM_DIR)/Developer/Library/Frameworks",
				);
				HEADER_SEARCH_PATHS = "$(inherited)";
				INFOPLIST_FILE = Timeline.xcodeproj/TimelineTests_Info.plist;
				LD_RUNPATH_SEARCH_PATHS = "@loader_path/../Frameworks @loader_path/Frameworks";
				OTHER_LDFLAGS = "$(inherited)";
				OTHER_SWIFT_FLAGS = "$(inherited)";
				SWIFT_VERSION = 4.0;
				TARGET_NAME = TimelineTests;
			};
			name = Release;
		};
		OBJ_156 /* Debug */ = {
			isa = XCBuildConfiguration;
			buildSettings = {
				ENABLE_TESTABILITY = YES;
				FRAMEWORK_SEARCH_PATHS = (
					"$(inherited)",
					"$(PLATFORM_DIR)/Developer/Library/Frameworks",
				);
				HEADER_SEARCH_PATHS = "$(inherited)";
				INFOPLIST_FILE = Timeline.xcodeproj/Timeline_Info.plist;
				LD_RUNPATH_SEARCH_PATHS = "$(TOOLCHAIN_DIR)/usr/lib/swift/macosx";
				OTHER_LDFLAGS = "$(inherited)";
				OTHER_SWIFT_FLAGS = "$(inherited)";
				PRODUCT_BUNDLE_IDENTIFIER = Timeline;
				PRODUCT_MODULE_NAME = "$(TARGET_NAME:c99extidentifier)";
				PRODUCT_NAME = "$(TARGET_NAME:c99extidentifier)";
				SKIP_INSTALL = YES;
				SWIFT_VERSION = 4.0;
				TARGET_NAME = Timeline;
			};
			name = Debug;
		};
		OBJ_157 /* Release */ = {
			isa = XCBuildConfiguration;
			buildSettings = {
				ENABLE_TESTABILITY = YES;
				FRAMEWORK_SEARCH_PATHS = (
					"$(inherited)",
					"$(PLATFORM_DIR)/Developer/Library/Frameworks",
				);
				HEADER_SEARCH_PATHS = "$(inherited)";
				INFOPLIST_FILE = Timeline.xcodeproj/Timeline_Info.plist;
				LD_RUNPATH_SEARCH_PATHS = "$(TOOLCHAIN_DIR)/usr/lib/swift/macosx";
				OTHER_LDFLAGS = "$(inherited)";
				OTHER_SWIFT_FLAGS = "$(inherited)";
				PRODUCT_BUNDLE_IDENTIFIER = Timeline;
				PRODUCT_MODULE_NAME = "$(TARGET_NAME:c99extidentifier)";
				PRODUCT_NAME = "$(TARGET_NAME:c99extidentifier)";
				SKIP_INSTALL = YES;
				SWIFT_VERSION = 4.0;
				TARGET_NAME = Timeline;
			};
			name = Release;
		};
		OBJ_183 /* Debug */ = {
			isa = XCBuildConfiguration;
			buildSettings = {
				ENABLE_TESTABILITY = YES;
				FRAMEWORK_SEARCH_PATHS = (
					"$(inherited)",
					"$(PLATFORM_DIR)/Developer/Library/Frameworks",
				);
				HEADER_SEARCH_PATHS = "$(inherited)";
				INFOPLIST_FILE = Timeline.xcodeproj/Math_Info.plist;
				LD_RUNPATH_SEARCH_PATHS = "$(TOOLCHAIN_DIR)/usr/lib/swift/macosx";
				OTHER_LDFLAGS = "$(inherited)";
				OTHER_SWIFT_FLAGS = "$(inherited)";
				PRODUCT_BUNDLE_IDENTIFIER = Math;
				PRODUCT_MODULE_NAME = "$(TARGET_NAME:c99extidentifier)";
				PRODUCT_NAME = "$(TARGET_NAME:c99extidentifier)";
				SKIP_INSTALL = YES;
				SWIFT_VERSION = 4.0;
				TARGET_NAME = Math;
			};
			name = Debug;
		};
		OBJ_184 /* Release */ = {
			isa = XCBuildConfiguration;
			buildSettings = {
				ENABLE_TESTABILITY = YES;
				FRAMEWORK_SEARCH_PATHS = (
					"$(inherited)",
					"$(PLATFORM_DIR)/Developer/Library/Frameworks",
				);
				HEADER_SEARCH_PATHS = "$(inherited)";
				INFOPLIST_FILE = Timeline.xcodeproj/Math_Info.plist;
				LD_RUNPATH_SEARCH_PATHS = "$(TOOLCHAIN_DIR)/usr/lib/swift/macosx";
				OTHER_LDFLAGS = "$(inherited)";
				OTHER_SWIFT_FLAGS = "$(inherited)";
				PRODUCT_BUNDLE_IDENTIFIER = Math;
				PRODUCT_MODULE_NAME = "$(TARGET_NAME:c99extidentifier)";
				PRODUCT_NAME = "$(TARGET_NAME:c99extidentifier)";
				SKIP_INSTALL = YES;
				SWIFT_VERSION = 4.0;
				TARGET_NAME = Math;
			};
			name = Release;
		};
		OBJ_212 /* Debug */ = {
			isa = XCBuildConfiguration;
			buildSettings = {
				ENABLE_TESTABILITY = YES;
				FRAMEWORK_SEARCH_PATHS = (
					"$(inherited)",
					"$(PLATFORM_DIR)/Developer/Library/Frameworks",
				);
				HEADER_SEARCH_PATHS = "$(inherited)";
				INFOPLIST_FILE = Timeline.xcodeproj/DataStructures_Info.plist;
				LD_RUNPATH_SEARCH_PATHS = "$(TOOLCHAIN_DIR)/usr/lib/swift/macosx";
				OTHER_LDFLAGS = "$(inherited)";
				OTHER_SWIFT_FLAGS = "$(inherited)";
				PRODUCT_BUNDLE_IDENTIFIER = DataStructures;
				PRODUCT_MODULE_NAME = "$(TARGET_NAME:c99extidentifier)";
				PRODUCT_NAME = "$(TARGET_NAME:c99extidentifier)";
				SKIP_INSTALL = YES;
				SWIFT_VERSION = 4.0;
				TARGET_NAME = DataStructures;
			};
			name = Debug;
		};
		OBJ_213 /* Release */ = {
			isa = XCBuildConfiguration;
			buildSettings = {
				ENABLE_TESTABILITY = YES;
				FRAMEWORK_SEARCH_PATHS = (
					"$(inherited)",
					"$(PLATFORM_DIR)/Developer/Library/Frameworks",
				);
				HEADER_SEARCH_PATHS = "$(inherited)";
				INFOPLIST_FILE = Timeline.xcodeproj/DataStructures_Info.plist;
				LD_RUNPATH_SEARCH_PATHS = "$(TOOLCHAIN_DIR)/usr/lib/swift/macosx";
				OTHER_LDFLAGS = "$(inherited)";
				OTHER_SWIFT_FLAGS = "$(inherited)";
				PRODUCT_BUNDLE_IDENTIFIER = DataStructures;
				PRODUCT_MODULE_NAME = "$(TARGET_NAME:c99extidentifier)";
				PRODUCT_NAME = "$(TARGET_NAME:c99extidentifier)";
				SKIP_INSTALL = YES;
				SWIFT_VERSION = 4.0;
				TARGET_NAME = DataStructures;
			};
			name = Release;
		};
		OBJ_246 /* Debug */ = {
			isa = XCBuildConfiguration;
			buildSettings = {
				ENABLE_TESTABILITY = YES;
				FRAMEWORK_SEARCH_PATHS = (
					"$(inherited)",
					"$(PLATFORM_DIR)/Developer/Library/Frameworks",
				);
				HEADER_SEARCH_PATHS = "$(inherited)";
				INFOPLIST_FILE = Timeline.xcodeproj/Structure_Info.plist;
				LD_RUNPATH_SEARCH_PATHS = "$(TOOLCHAIN_DIR)/usr/lib/swift/macosx";
				OTHER_LDFLAGS = "$(inherited)";
				OTHER_SWIFT_FLAGS = "$(inherited)";
				PRODUCT_BUNDLE_IDENTIFIER = Structure;
				PRODUCT_MODULE_NAME = "$(TARGET_NAME:c99extidentifier)";
				PRODUCT_NAME = "$(TARGET_NAME:c99extidentifier)";
				SKIP_INSTALL = YES;
				SWIFT_VERSION = 4.0;
				TARGET_NAME = Structure;
			};
			name = Debug;
		};
		OBJ_247 /* Release */ = {
			isa = XCBuildConfiguration;
			buildSettings = {
				ENABLE_TESTABILITY = YES;
				FRAMEWORK_SEARCH_PATHS = (
					"$(inherited)",
					"$(PLATFORM_DIR)/Developer/Library/Frameworks",
				);
				HEADER_SEARCH_PATHS = "$(inherited)";
				INFOPLIST_FILE = Timeline.xcodeproj/Structure_Info.plist;
				LD_RUNPATH_SEARCH_PATHS = "$(TOOLCHAIN_DIR)/usr/lib/swift/macosx";
				OTHER_LDFLAGS = "$(inherited)";
				OTHER_SWIFT_FLAGS = "$(inherited)";
				PRODUCT_BUNDLE_IDENTIFIER = Structure;
				PRODUCT_MODULE_NAME = "$(TARGET_NAME:c99extidentifier)";
				PRODUCT_NAME = "$(TARGET_NAME:c99extidentifier)";
				SKIP_INSTALL = YES;
				SWIFT_VERSION = 4.0;
				TARGET_NAME = Structure;
			};
			name = Release;
		};
		OBJ_274 /* Debug */ = {
			isa = XCBuildConfiguration;
			buildSettings = {
				ENABLE_TESTABILITY = YES;
				FRAMEWORK_SEARCH_PATHS = (
					"$(inherited)",
					"$(PLATFORM_DIR)/Developer/Library/Frameworks",
				);
				HEADER_SEARCH_PATHS = "$(inherited)";
				INFOPLIST_FILE = Timeline.xcodeproj/StructureWrapping_Info.plist;
				LD_RUNPATH_SEARCH_PATHS = "$(TOOLCHAIN_DIR)/usr/lib/swift/macosx";
				OTHER_LDFLAGS = "$(inherited)";
				OTHER_SWIFT_FLAGS = "$(inherited)";
				PRODUCT_BUNDLE_IDENTIFIER = StructureWrapping;
				PRODUCT_MODULE_NAME = "$(TARGET_NAME:c99extidentifier)";
				PRODUCT_NAME = "$(TARGET_NAME:c99extidentifier)";
				SKIP_INSTALL = YES;
				SWIFT_VERSION = 4.0;
				TARGET_NAME = StructureWrapping;
			};
			name = Debug;
		};
		OBJ_275 /* Release */ = {
			isa = XCBuildConfiguration;
			buildSettings = {
				ENABLE_TESTABILITY = YES;
				FRAMEWORK_SEARCH_PATHS = (
					"$(inherited)",
					"$(PLATFORM_DIR)/Developer/Library/Frameworks",
				);
				HEADER_SEARCH_PATHS = "$(inherited)";
				INFOPLIST_FILE = Timeline.xcodeproj/StructureWrapping_Info.plist;
				LD_RUNPATH_SEARCH_PATHS = "$(TOOLCHAIN_DIR)/usr/lib/swift/macosx";
				OTHER_LDFLAGS = "$(inherited)";
				OTHER_SWIFT_FLAGS = "$(inherited)";
				PRODUCT_BUNDLE_IDENTIFIER = StructureWrapping;
				PRODUCT_MODULE_NAME = "$(TARGET_NAME:c99extidentifier)";
				PRODUCT_NAME = "$(TARGET_NAME:c99extidentifier)";
				SKIP_INSTALL = YES;
				SWIFT_VERSION = 4.0;
				TARGET_NAME = StructureWrapping;
			};
			name = Release;
		};
		OBJ_286 /* Debug */ = {
			isa = XCBuildConfiguration;
			buildSettings = {
				ENABLE_TESTABILITY = YES;
				FRAMEWORK_SEARCH_PATHS = (
					"$(inherited)",
					"$(PLATFORM_DIR)/Developer/Library/Frameworks",
				);
				HEADER_SEARCH_PATHS = "$(inherited)";
				INFOPLIST_FILE = Timeline.xcodeproj/DictionaryProtocol_Info.plist;
				LD_RUNPATH_SEARCH_PATHS = "$(TOOLCHAIN_DIR)/usr/lib/swift/macosx";
				OTHER_LDFLAGS = "$(inherited)";
				OTHER_SWIFT_FLAGS = "$(inherited)";
				PRODUCT_BUNDLE_IDENTIFIER = DictionaryProtocol;
				PRODUCT_MODULE_NAME = "$(TARGET_NAME:c99extidentifier)";
				PRODUCT_NAME = "$(TARGET_NAME:c99extidentifier)";
				SKIP_INSTALL = YES;
				SWIFT_VERSION = 4.0;
				TARGET_NAME = DictionaryProtocol;
			};
			name = Debug;
		};
		OBJ_287 /* Release */ = {
			isa = XCBuildConfiguration;
			buildSettings = {
				ENABLE_TESTABILITY = YES;
				FRAMEWORK_SEARCH_PATHS = (
					"$(inherited)",
					"$(PLATFORM_DIR)/Developer/Library/Frameworks",
				);
				HEADER_SEARCH_PATHS = "$(inherited)";
				INFOPLIST_FILE = Timeline.xcodeproj/DictionaryProtocol_Info.plist;
				LD_RUNPATH_SEARCH_PATHS = "$(TOOLCHAIN_DIR)/usr/lib/swift/macosx";
				OTHER_LDFLAGS = "$(inherited)";
				OTHER_SWIFT_FLAGS = "$(inherited)";
				PRODUCT_BUNDLE_IDENTIFIER = DictionaryProtocol;
				PRODUCT_MODULE_NAME = "$(TARGET_NAME:c99extidentifier)";
				PRODUCT_NAME = "$(TARGET_NAME:c99extidentifier)";
				SKIP_INSTALL = YES;
				SWIFT_VERSION = 4.0;
				TARGET_NAME = DictionaryProtocol;
			};
			name = Release;
		};
		OBJ_292 /* Debug */ = {
			isa = XCBuildConfiguration;
			buildSettings = {
				ENABLE_TESTABILITY = YES;
				FRAMEWORK_SEARCH_PATHS = (
					"$(inherited)",
					"$(PLATFORM_DIR)/Developer/Library/Frameworks",
				);
				HEADER_SEARCH_PATHS = "$(inherited)";
				INFOPLIST_FILE = Timeline.xcodeproj/Restructure_Info.plist;
				LD_RUNPATH_SEARCH_PATHS = "$(TOOLCHAIN_DIR)/usr/lib/swift/macosx";
				OTHER_LDFLAGS = "$(inherited)";
				OTHER_SWIFT_FLAGS = "$(inherited)";
				PRODUCT_BUNDLE_IDENTIFIER = Restructure;
				PRODUCT_MODULE_NAME = "$(TARGET_NAME:c99extidentifier)";
				PRODUCT_NAME = "$(TARGET_NAME:c99extidentifier)";
				SKIP_INSTALL = YES;
				SWIFT_VERSION = 4.0;
				TARGET_NAME = Restructure;
			};
			name = Debug;
		};
		OBJ_293 /* Release */ = {
			isa = XCBuildConfiguration;
			buildSettings = {
				ENABLE_TESTABILITY = YES;
				FRAMEWORK_SEARCH_PATHS = (
					"$(inherited)",
					"$(PLATFORM_DIR)/Developer/Library/Frameworks",
				);
				HEADER_SEARCH_PATHS = "$(inherited)";
				INFOPLIST_FILE = Timeline.xcodeproj/Restructure_Info.plist;
				LD_RUNPATH_SEARCH_PATHS = "$(TOOLCHAIN_DIR)/usr/lib/swift/macosx";
				OTHER_LDFLAGS = "$(inherited)";
				OTHER_SWIFT_FLAGS = "$(inherited)";
				PRODUCT_BUNDLE_IDENTIFIER = Restructure;
				PRODUCT_MODULE_NAME = "$(TARGET_NAME:c99extidentifier)";
				PRODUCT_NAME = "$(TARGET_NAME:c99extidentifier)";
				SKIP_INSTALL = YES;
				SWIFT_VERSION = 4.0;
				TARGET_NAME = Restructure;
			};
			name = Release;
		};
		OBJ_298 /* Debug */ = {
			isa = XCBuildConfiguration;
			buildSettings = {
				ENABLE_TESTABILITY = YES;
				FRAMEWORK_SEARCH_PATHS = (
					"$(inherited)",
					"$(PLATFORM_DIR)/Developer/Library/Frameworks",
				);
				HEADER_SEARCH_PATHS = "$(inherited)";
				INFOPLIST_FILE = Timeline.xcodeproj/Algebra_Info.plist;
				LD_RUNPATH_SEARCH_PATHS = "$(TOOLCHAIN_DIR)/usr/lib/swift/macosx";
				OTHER_LDFLAGS = "$(inherited)";
				OTHER_SWIFT_FLAGS = "$(inherited)";
				PRODUCT_BUNDLE_IDENTIFIER = Algebra;
				PRODUCT_MODULE_NAME = "$(TARGET_NAME:c99extidentifier)";
				PRODUCT_NAME = "$(TARGET_NAME:c99extidentifier)";
				SKIP_INSTALL = YES;
				SWIFT_VERSION = 4.0;
				TARGET_NAME = Algebra;
			};
			name = Debug;
		};
		OBJ_299 /* Release */ = {
			isa = XCBuildConfiguration;
			buildSettings = {
				ENABLE_TESTABILITY = YES;
				FRAMEWORK_SEARCH_PATHS = (
					"$(inherited)",
					"$(PLATFORM_DIR)/Developer/Library/Frameworks",
				);
				HEADER_SEARCH_PATHS = "$(inherited)";
				INFOPLIST_FILE = Timeline.xcodeproj/Algebra_Info.plist;
				LD_RUNPATH_SEARCH_PATHS = "$(TOOLCHAIN_DIR)/usr/lib/swift/macosx";
				OTHER_LDFLAGS = "$(inherited)";
				OTHER_SWIFT_FLAGS = "$(inherited)";
				PRODUCT_BUNDLE_IDENTIFIER = Algebra;
				PRODUCT_MODULE_NAME = "$(TARGET_NAME:c99extidentifier)";
				PRODUCT_NAME = "$(TARGET_NAME:c99extidentifier)";
				SKIP_INSTALL = YES;
				SWIFT_VERSION = 4.0;
				TARGET_NAME = Algebra;
			};
			name = Release;
		};
		OBJ_3 /* Debug */ = {
			isa = XCBuildConfiguration;
			buildSettings = {
				CLANG_ENABLE_OBJC_ARC = YES;
				COMBINE_HIDPI_IMAGES = YES;
				COPY_PHASE_STRIP = NO;
				DEBUG_INFORMATION_FORMAT = dwarf;
				DYLIB_INSTALL_NAME_BASE = "@rpath";
				ENABLE_NS_ASSERTIONS = YES;
				GCC_OPTIMIZATION_LEVEL = 0;
				MACOSX_DEPLOYMENT_TARGET = 10.10;
				ONLY_ACTIVE_ARCH = YES;
				OTHER_SWIFT_FLAGS = "-DXcode";
				PRODUCT_NAME = "$(TARGET_NAME)";
				SDKROOT = macosx;
				SUPPORTED_PLATFORMS = "macosx iphoneos iphonesimulator appletvos appletvsimulator watchos watchsimulator";
				SWIFT_ACTIVE_COMPILATION_CONDITIONS = SWIFT_PACKAGE;
				SWIFT_OPTIMIZATION_LEVEL = "-Onone";
				USE_HEADERMAP = NO;
			};
			name = Debug;
		};
		OBJ_318 /* Debug */ = {
			isa = XCBuildConfiguration;
			buildSettings = {
				ENABLE_TESTABILITY = YES;
				FRAMEWORK_SEARCH_PATHS = (
					"$(inherited)",
					"$(PLATFORM_DIR)/Developer/Library/Frameworks",
				);
				HEADER_SEARCH_PATHS = "$(inherited)";
				INFOPLIST_FILE = Timeline.xcodeproj/Destructure_Info.plist;
				LD_RUNPATH_SEARCH_PATHS = "$(TOOLCHAIN_DIR)/usr/lib/swift/macosx";
				OTHER_LDFLAGS = "$(inherited)";
				OTHER_SWIFT_FLAGS = "$(inherited)";
				PRODUCT_BUNDLE_IDENTIFIER = Destructure;
				PRODUCT_MODULE_NAME = "$(TARGET_NAME:c99extidentifier)";
				PRODUCT_NAME = "$(TARGET_NAME:c99extidentifier)";
				SKIP_INSTALL = YES;
				SWIFT_VERSION = 4.0;
				TARGET_NAME = Destructure;
			};
			name = Debug;
		};
		OBJ_319 /* Release */ = {
			isa = XCBuildConfiguration;
			buildSettings = {
				ENABLE_TESTABILITY = YES;
				FRAMEWORK_SEARCH_PATHS = (
					"$(inherited)",
					"$(PLATFORM_DIR)/Developer/Library/Frameworks",
				);
				HEADER_SEARCH_PATHS = "$(inherited)";
				INFOPLIST_FILE = Timeline.xcodeproj/Destructure_Info.plist;
				LD_RUNPATH_SEARCH_PATHS = "$(TOOLCHAIN_DIR)/usr/lib/swift/macosx";
				OTHER_LDFLAGS = "$(inherited)";
				OTHER_SWIFT_FLAGS = "$(inherited)";
				PRODUCT_BUNDLE_IDENTIFIER = Destructure;
				PRODUCT_MODULE_NAME = "$(TARGET_NAME:c99extidentifier)";
				PRODUCT_NAME = "$(TARGET_NAME:c99extidentifier)";
				SKIP_INSTALL = YES;
				SWIFT_VERSION = 4.0;
				TARGET_NAME = Destructure;
			};
			name = Release;
		};
		OBJ_325 /* Debug */ = {
			isa = XCBuildConfiguration;
			buildSettings = {
			};
			name = Debug;
		};
		OBJ_326 /* Release */ = {
			isa = XCBuildConfiguration;
			buildSettings = {
			};
			name = Release;
		};
		OBJ_4 /* Release */ = {
			isa = XCBuildConfiguration;
			buildSettings = {
				CLANG_ENABLE_OBJC_ARC = YES;
				COMBINE_HIDPI_IMAGES = YES;
				COPY_PHASE_STRIP = YES;
				DEBUG_INFORMATION_FORMAT = "dwarf-with-dsym";
				DYLIB_INSTALL_NAME_BASE = "@rpath";
				GCC_OPTIMIZATION_LEVEL = s;
				MACOSX_DEPLOYMENT_TARGET = 10.10;
				OTHER_SWIFT_FLAGS = "-DXcode";
				PRODUCT_NAME = "$(TARGET_NAME)";
				SDKROOT = macosx;
				SUPPORTED_PLATFORMS = "macosx iphoneos iphonesimulator appletvos appletvsimulator watchos watchsimulator";
				SWIFT_ACTIVE_COMPILATION_CONDITIONS = SWIFT_PACKAGE;
				SWIFT_OPTIMIZATION_LEVEL = "-Owholemodule";
				USE_HEADERMAP = NO;
			};
			name = Release;
		};
/* End XCBuildConfiguration section */

/* Begin XCConfigurationList section */
		OBJ_121 /* Build configuration list for PBXNativeTarget "TimelineTests" */ = {
			isa = XCConfigurationList;
			buildConfigurations = (
				OBJ_122 /* Debug */,
				OBJ_123 /* Release */,
			);
			defaultConfigurationIsVisible = 0;
			defaultConfigurationName = Debug;
		};
		OBJ_155 /* Build configuration list for PBXNativeTarget "Timeline" */ = {
			isa = XCConfigurationList;
			buildConfigurations = (
				OBJ_156 /* Debug */,
				OBJ_157 /* Release */,
			);
			defaultConfigurationIsVisible = 0;
			defaultConfigurationName = Debug;
		};
		OBJ_182 /* Build configuration list for PBXNativeTarget "Math" */ = {
			isa = XCConfigurationList;
			buildConfigurations = (
				OBJ_183 /* Debug */,
				OBJ_184 /* Release */,
			);
			defaultConfigurationIsVisible = 0;
			defaultConfigurationName = Debug;
		};
		OBJ_2 /* Build configuration list for PBXProject "Timeline" */ = {
			isa = XCConfigurationList;
			buildConfigurations = (
				OBJ_3 /* Debug */,
				OBJ_4 /* Release */,
			);
			defaultConfigurationIsVisible = 0;
			defaultConfigurationName = Debug;
		};
		OBJ_211 /* Build configuration list for PBXNativeTarget "DataStructures" */ = {
			isa = XCConfigurationList;
			buildConfigurations = (
				OBJ_212 /* Debug */,
				OBJ_213 /* Release */,
			);
			defaultConfigurationIsVisible = 0;
			defaultConfigurationName = Debug;
		};
		OBJ_245 /* Build configuration list for PBXNativeTarget "Structure" */ = {
			isa = XCConfigurationList;
			buildConfigurations = (
				OBJ_246 /* Debug */,
				OBJ_247 /* Release */,
			);
			defaultConfigurationIsVisible = 0;
			defaultConfigurationName = Debug;
		};
		OBJ_273 /* Build configuration list for PBXNativeTarget "StructureWrapping" */ = {
			isa = XCConfigurationList;
			buildConfigurations = (
				OBJ_274 /* Debug */,
				OBJ_275 /* Release */,
			);
			defaultConfigurationIsVisible = 0;
			defaultConfigurationName = Debug;
		};
		OBJ_285 /* Build configuration list for PBXNativeTarget "DictionaryProtocol" */ = {
			isa = XCConfigurationList;
			buildConfigurations = (
				OBJ_286 /* Debug */,
				OBJ_287 /* Release */,
			);
			defaultConfigurationIsVisible = 0;
			defaultConfigurationName = Debug;
		};
		OBJ_291 /* Build configuration list for PBXNativeTarget "Restructure" */ = {
			isa = XCConfigurationList;
			buildConfigurations = (
				OBJ_292 /* Debug */,
				OBJ_293 /* Release */,
			);
			defaultConfigurationIsVisible = 0;
			defaultConfigurationName = Debug;
		};
		OBJ_297 /* Build configuration list for PBXNativeTarget "Algebra" */ = {
			isa = XCConfigurationList;
			buildConfigurations = (
				OBJ_298 /* Debug */,
				OBJ_299 /* Release */,
			);
			defaultConfigurationIsVisible = 0;
			defaultConfigurationName = Debug;
		};
		OBJ_317 /* Build configuration list for PBXNativeTarget "Destructure" */ = {
			isa = XCConfigurationList;
			buildConfigurations = (
				OBJ_318 /* Debug */,
				OBJ_319 /* Release */,
			);
			defaultConfigurationIsVisible = 0;
			defaultConfigurationName = Debug;
		};
		OBJ_324 /* Build configuration list for PBXAggregateTarget "TimelinePackageTests" */ = {
			isa = XCConfigurationList;
			buildConfigurations = (
				OBJ_325 /* Debug */,
				OBJ_326 /* Release */,
			);
			defaultConfigurationIsVisible = 0;
			defaultConfigurationName = Debug;
		};
/* End XCConfigurationList section */
	};
	rootObject = OBJ_1 /* Project object */;
}
