// !$*UTF8*$!
{
	archiveVersion = 1;
	classes = {
	};
	objectVersion = 46;
	objects = {

/* Begin PBXBuildFile section */
		0733E9F51D1BE8F500FDDE97 /* TimelineTests.swift in Sources */ = {isa = PBXBuildFile; fileRef = 0733E9F41D1BE8F500FDDE97 /* TimelineTests.swift */; };
		0733E9F61D1BE8F500FDDE97 /* TimelineTests.swift in Sources */ = {isa = PBXBuildFile; fileRef = 0733E9F41D1BE8F500FDDE97 /* TimelineTests.swift */; };
		074B58121D2288AB00215565 /* ActionType.swift in Sources */ = {isa = PBXBuildFile; fileRef = 074B58111D2288AB00215565 /* ActionType.swift */; };
		074B58131D2288AB00215565 /* ActionType.swift in Sources */ = {isa = PBXBuildFile; fileRef = 074B58111D2288AB00215565 /* ActionType.swift */; };
		07F63AA41D208A9900C7FB22 /* DictionaryTools.framework in CopyFiles */ = {isa = PBXBuildFile; fileRef = A050C632E1221F2A36491428 /* DictionaryTools.framework */; settings = {ATTRIBUTES = (CodeSignOnCopy, RemoveHeadersOnCopy, ); }; };
		07F739041D1AB4C800F83AE8 /* Timeline.swift in Sources */ = {isa = PBXBuildFile; fileRef = 07F738FD1D1AB4C800F83AE8 /* Timeline.swift */; };
		07F739051D1AB4C800F83AE8 /* Timeline.swift in Sources */ = {isa = PBXBuildFile; fileRef = 07F738FD1D1AB4C800F83AE8 /* Timeline.swift */; };
		4CDD7BB1493FFCC588FE8E74 /* ArithmeticTools.framework in Frameworks */ = {isa = PBXBuildFile; fileRef = B5DCC098392100ECC36114D7 /* ArithmeticTools.framework */; };
		5394053C63C1BC3EC26C9E30 /* Timeline.framework in CopyFiles */ = {isa = PBXBuildFile; fileRef = E56B3E6B36991781F5BE132E /* Timeline.framework */; settings = {ATTRIBUTES = (CodeSignOnCopy, ); }; };
		581414A189A131EC6CB6E7FC /* Timeline.framework in CopyFiles */ = {isa = PBXBuildFile; fileRef = 58D632B9454ED0DEF3968D80 /* Timeline.framework */; settings = {ATTRIBUTES = (CodeSignOnCopy, ); }; };
		59353C706578CAA37CF10214 /* ArithmeticTools.framework in Frameworks */ = {isa = PBXBuildFile; fileRef = 622FBF870B78DF5ABD85BACD /* ArithmeticTools.framework */; };
		6766D7242446EDD9F887D642 /* DictionaryTools.framework in Frameworks */ = {isa = PBXBuildFile; fileRef = 2BEB43C733D9565FF2DC2E4E /* DictionaryTools.framework */; };
		7568E255DEC95D1A693266E2 /* ArrayTools.framework in Frameworks */ = {isa = PBXBuildFile; fileRef = D289E64E7B479D8CEAA9BEDF /* ArrayTools.framework */; };
		7E697FFB67A8CA0108A650CB /* Foundation.framework in Frameworks */ = {isa = PBXBuildFile; fileRef = 38EA6D0B56F5E38C592E339D /* Foundation.framework */; };
		8635D8023FD4565C1E483F34 /* DictionaryTools.framework in Frameworks */ = {isa = PBXBuildFile; fileRef = A050C632E1221F2A36491428 /* DictionaryTools.framework */; };
		C0B020848DE582698034B584 /* ArrayTools.framework in Frameworks */ = {isa = PBXBuildFile; fileRef = 9BCAE46D4F979FD0B4090399 /* ArrayTools.framework */; };
		D171022B32A91C5EEDFC38C9 /* Timeline.h in Headers */ = {isa = PBXBuildFile; fileRef = BA4AD68D0FB5C5FD2A9FA6ED /* Timeline.h */; settings = {ATTRIBUTES = (Public, ); }; };
		D24FE8F637BE95FDC50421E2 /* Foundation.framework in Frameworks */ = {isa = PBXBuildFile; fileRef = 38EA6D0B56F5E38C592E339D /* Foundation.framework */; };
		E843F5515BCA5C6999A01D21 /* Cocoa.framework in Frameworks */ = {isa = PBXBuildFile; fileRef = FDE2DCDE916A157D4548E230 /* Cocoa.framework */; };
		EF5A0030C21E447070CE3636 /* Cocoa.framework in Frameworks */ = {isa = PBXBuildFile; fileRef = FDE2DCDE916A157D4548E230 /* Cocoa.framework */; };
		F715A796D2EC5910860686D1 /* Timeline.h in Headers */ = {isa = PBXBuildFile; fileRef = BA4AD68D0FB5C5FD2A9FA6ED /* Timeline.h */; settings = {ATTRIBUTES = (Public, ); }; };
/* End PBXBuildFile section */

/* Begin PBXContainerItemProxy section */
		41EAB7C6F668123C66A1A8F7 /* PBXContainerItemProxy */ = {
			isa = PBXContainerItemProxy;
			containerPortal = 4A99D6D2F8DB297EFC459775 /* Project object */;
			proxyType = 1;
			remoteGlobalIDString = 91DC8A44B3CAFBAB4BF3BCCC;
			remoteInfo = TimelineMac;
		};
		FCFDD3CE43833F2D8A5F9202 /* PBXContainerItemProxy */ = {
			isa = PBXContainerItemProxy;
			containerPortal = 4A99D6D2F8DB297EFC459775 /* Project object */;
			proxyType = 1;
			remoteGlobalIDString = F99F563D5A6BE18CD5DCC426;
			remoteInfo = Timeline;
		};
/* End PBXContainerItemProxy section */

/* Begin PBXCopyFilesBuildPhase section */
		07F63AA31D208A9200C7FB22 /* CopyFiles */ = {
			isa = PBXCopyFilesBuildPhase;
			buildActionMask = 2147483647;
			dstPath = "";
			dstSubfolderSpec = 10;
			files = (
				07F63AA41D208A9900C7FB22 /* DictionaryTools.framework in CopyFiles */,
			);
			runOnlyForDeploymentPostprocessing = 0;
		};
		DD1A1A7AB977F27AD053054F /* CopyFiles */ = {
			isa = PBXCopyFilesBuildPhase;
			buildActionMask = 2147483647;
			dstPath = "";
			dstSubfolderSpec = 7;
			files = (
				5394053C63C1BC3EC26C9E30 /* Timeline.framework in CopyFiles */,
			);
			runOnlyForDeploymentPostprocessing = 0;
		};
		F567A06A56238FC4067B46BA /* CopyFiles */ = {
			isa = PBXCopyFilesBuildPhase;
			buildActionMask = 8;
			dstPath = "";
			dstSubfolderSpec = 7;
			files = (
				581414A189A131EC6CB6E7FC /* Timeline.framework in CopyFiles */,
			);
			runOnlyForDeploymentPostprocessing = 1;
		};
/* End PBXCopyFilesBuildPhase section */

/* Begin PBXFileReference section */
		0733E9F41D1BE8F500FDDE97 /* TimelineTests.swift */ = {isa = PBXFileReference; fileEncoding = 4; lastKnownFileType = sourcecode.swift; name = TimelineTests.swift; path = TimelineTests/TimelineTests.swift; sourceTree = "<group>"; };
		074B58111D2288AB00215565 /* ActionType.swift */ = {isa = PBXFileReference; fileEncoding = 4; lastKnownFileType = sourcecode.swift; name = ActionType.swift; path = Timeline/ActionType.swift; sourceTree = "<group>"; };
		07F738FD1D1AB4C800F83AE8 /* Timeline.swift */ = {isa = PBXFileReference; fileEncoding = 4; lastKnownFileType = sourcecode.swift; name = Timeline.swift; path = Timeline/Timeline.swift; sourceTree = "<group>"; };
		2A9280607A024DC801DF42E1 /* Timeline.framework */ = {isa = PBXFileReference; explicitFileType = wrapper.framework; includeInIndex = 0; path = Timeline.framework; sourceTree = BUILT_PRODUCTS_DIR; };
		2BEB43C733D9565FF2DC2E4E /* DictionaryTools.framework */ = {isa = PBXFileReference; lastKnownFileType = wrapper.framework; name = DictionaryTools.framework; path = Carthage/Build/Mac/DictionaryTools.framework; sourceTree = "<group>"; };
		3675DA15B3B3792DDF613132 /* TimelineTests.xctest */ = {isa = PBXFileReference; explicitFileType = wrapper.cfbundle; includeInIndex = 0; path = TimelineTests.xctest; sourceTree = BUILT_PRODUCTS_DIR; };
		38EA6D0B56F5E38C592E339D /* Foundation.framework */ = {isa = PBXFileReference; lastKnownFileType = wrapper.framework; name = Foundation.framework; path = Platforms/iPhoneOS.platform/Developer/SDKs/iPhoneOS9.0.sdk/System/Library/Frameworks/Foundation.framework; sourceTree = DEVELOPER_DIR; };
		4735E26869726502F89506FC /* Timeline.framework */ = {isa = PBXFileReference; explicitFileType = wrapper.framework; includeInIndex = 0; path = Timeline.framework; sourceTree = BUILT_PRODUCTS_DIR; };
		56930B4347FDC8471FF87BA7 /* Info.plist */ = {isa = PBXFileReference; includeInIndex = 1; lastKnownFileType = text.plist.xml; name = Info.plist; path = TimelineTests/Info.plist; sourceTree = "<group>"; };
		58D632B9454ED0DEF3968D80 /* Timeline.framework */ = {isa = PBXFileReference; includeInIndex = 1; lastKnownFileType = wrapper.framework; path = Timeline.framework; sourceTree = BUILT_PRODUCTS_DIR; };
		622FBF870B78DF5ABD85BACD /* ArithmeticTools.framework */ = {isa = PBXFileReference; lastKnownFileType = wrapper.framework; name = ArithmeticTools.framework; path = Carthage/Build/iOS/ArithmeticTools.framework; sourceTree = "<group>"; };
		63EA99BBD7D15C3F63874AD5 /* Info.plist */ = {isa = PBXFileReference; includeInIndex = 1; lastKnownFileType = text.plist.xml; name = Info.plist; path = Timeline/Info.plist; sourceTree = "<group>"; };
		8EF4EDB20FD2A919E1969C8A /* TimelineMacTests.xctest */ = {isa = PBXFileReference; explicitFileType = wrapper.cfbundle; includeInIndex = 0; path = TimelineMacTests.xctest; sourceTree = BUILT_PRODUCTS_DIR; };
		9BCAE46D4F979FD0B4090399 /* ArrayTools.framework */ = {isa = PBXFileReference; lastKnownFileType = wrapper.framework; name = ArrayTools.framework; path = Carthage/Build/iOS/ArrayTools.framework; sourceTree = "<group>"; };
		A050C632E1221F2A36491428 /* DictionaryTools.framework */ = {isa = PBXFileReference; lastKnownFileType = wrapper.framework; name = DictionaryTools.framework; path = Carthage/Build/iOS/DictionaryTools.framework; sourceTree = "<group>"; };
		B5DCC098392100ECC36114D7 /* ArithmeticTools.framework */ = {isa = PBXFileReference; lastKnownFileType = wrapper.framework; name = ArithmeticTools.framework; path = Carthage/Build/Mac/ArithmeticTools.framework; sourceTree = "<group>"; };
		BA4AD68D0FB5C5FD2A9FA6ED /* Timeline.h */ = {isa = PBXFileReference; includeInIndex = 1; lastKnownFileType = sourcecode.c.h; name = Timeline.h; path = Timeline/Timeline.h; sourceTree = "<group>"; };
		D289E64E7B479D8CEAA9BEDF /* ArrayTools.framework */ = {isa = PBXFileReference; lastKnownFileType = wrapper.framework; name = ArrayTools.framework; path = Carthage/Build/Mac/ArrayTools.framework; sourceTree = "<group>"; };
		E56B3E6B36991781F5BE132E /* Timeline.framework */ = {isa = PBXFileReference; includeInIndex = 1; lastKnownFileType = wrapper.framework; path = Timeline.framework; sourceTree = BUILT_PRODUCTS_DIR; };
		FDE2DCDE916A157D4548E230 /* Cocoa.framework */ = {isa = PBXFileReference; lastKnownFileType = wrapper.framework; name = Cocoa.framework; path = Platforms/MacOSX.platform/Developer/SDKs/MacOSX10.11.sdk/System/Library/Frameworks/Cocoa.framework; sourceTree = DEVELOPER_DIR; };
/* End PBXFileReference section */

/* Begin PBXFrameworksBuildPhase section */
		14F3EAAC58C0FD506AC01AE1 /* Frameworks */ = {
			isa = PBXFrameworksBuildPhase;
			buildActionMask = 2147483647;
			files = (
				7E697FFB67A8CA0108A650CB /* Foundation.framework in Frameworks */,
				59353C706578CAA37CF10214 /* ArithmeticTools.framework in Frameworks */,
				C0B020848DE582698034B584 /* ArrayTools.framework in Frameworks */,
				8635D8023FD4565C1E483F34 /* DictionaryTools.framework in Frameworks */,
			);
			runOnlyForDeploymentPostprocessing = 0;
		};
		80FA5A82C4C74F64C5D06C84 /* Frameworks */ = {
			isa = PBXFrameworksBuildPhase;
			buildActionMask = 2147483647;
			files = (
				D24FE8F637BE95FDC50421E2 /* Foundation.framework in Frameworks */,
			);
			runOnlyForDeploymentPostprocessing = 0;
		};
		CC7DB75BF9CA8A1BFAC4C12F /* Frameworks */ = {
			isa = PBXFrameworksBuildPhase;
			buildActionMask = 2147483647;
			files = (
				E843F5515BCA5C6999A01D21 /* Cocoa.framework in Frameworks */,
				4CDD7BB1493FFCC588FE8E74 /* ArithmeticTools.framework in Frameworks */,
				7568E255DEC95D1A693266E2 /* ArrayTools.framework in Frameworks */,
				6766D7242446EDD9F887D642 /* DictionaryTools.framework in Frameworks */,
			);
			runOnlyForDeploymentPostprocessing = 0;
		};
		E5DF93615C31A98996EB2795 /* Frameworks */ = {
			isa = PBXFrameworksBuildPhase;
			buildActionMask = 2147483647;
			files = (
				EF5A0030C21E447070CE3636 /* Cocoa.framework in Frameworks */,
			);
			runOnlyForDeploymentPostprocessing = 0;
		};
/* End PBXFrameworksBuildPhase section */

/* Begin PBXGroup section */
		0BF6F038AF440276489097F1 /* Timeline */ = {
			isa = PBXGroup;
			children = (
				07F738FD1D1AB4C800F83AE8 /* Timeline.swift */,
				074B58111D2288AB00215565 /* ActionType.swift */,
				B3EF3CD3DD68C6E9E54C7872 /* Supporting Files */,
			);
			name = Timeline;
			sourceTree = "<group>";
		};
		157BB81D22389E654416FFE4 = {
			isa = PBXGroup;
			children = (
				DC9C949DCB9CEDA477C0F9F5 /* Products */,
				2F67EF2E29126066FF1872B3 /* Frameworks */,
				0BF6F038AF440276489097F1 /* Timeline */,
				A0CE11A8EA7A9198261C6706 /* TimelineTests */,
				BA4AD68D0FB5C5FD2A9FA6ED /* Timeline.h */,
			);
			sourceTree = "<group>";
		};
		2F67EF2E29126066FF1872B3 /* Frameworks */ = {
			isa = PBXGroup;
			children = (
				B51E3FF6D5B5964859CE478E /* iOS */,
				CBECDB1B3A8E5DB5B9335762 /* OS X */,
			);
			name = Frameworks;
			sourceTree = "<group>";
		};
		A0CE11A8EA7A9198261C6706 /* TimelineTests */ = {
			isa = PBXGroup;
			children = (
				D4AB9B42FB308D95002C7F3C /* Supporting Files */,
				0733E9F41D1BE8F500FDDE97 /* TimelineTests.swift */,
			);
			name = TimelineTests;
			sourceTree = "<group>";
		};
		B3EF3CD3DD68C6E9E54C7872 /* Supporting Files */ = {
			isa = PBXGroup;
			children = (
				63EA99BBD7D15C3F63874AD5 /* Info.plist */,
			);
			name = "Supporting Files";
			sourceTree = "<group>";
		};
		B51E3FF6D5B5964859CE478E /* iOS */ = {
			isa = PBXGroup;
			children = (
				38EA6D0B56F5E38C592E339D /* Foundation.framework */,
				622FBF870B78DF5ABD85BACD /* ArithmeticTools.framework */,
				9BCAE46D4F979FD0B4090399 /* ArrayTools.framework */,
				A050C632E1221F2A36491428 /* DictionaryTools.framework */,
			);
			name = iOS;
			sourceTree = "<group>";
		};
		CBECDB1B3A8E5DB5B9335762 /* OS X */ = {
			isa = PBXGroup;
			children = (
				FDE2DCDE916A157D4548E230 /* Cocoa.framework */,
				B5DCC098392100ECC36114D7 /* ArithmeticTools.framework */,
				D289E64E7B479D8CEAA9BEDF /* ArrayTools.framework */,
				2BEB43C733D9565FF2DC2E4E /* DictionaryTools.framework */,
			);
			name = "OS X";
			sourceTree = "<group>";
		};
		D4AB9B42FB308D95002C7F3C /* Supporting Files */ = {
			isa = PBXGroup;
			children = (
				56930B4347FDC8471FF87BA7 /* Info.plist */,
			);
			name = "Supporting Files";
			sourceTree = "<group>";
		};
		DC9C949DCB9CEDA477C0F9F5 /* Products */ = {
			isa = PBXGroup;
			children = (
				2A9280607A024DC801DF42E1 /* Timeline.framework */,
				3675DA15B3B3792DDF613132 /* TimelineTests.xctest */,
				4735E26869726502F89506FC /* Timeline.framework */,
				8EF4EDB20FD2A919E1969C8A /* TimelineMacTests.xctest */,
			);
			name = Products;
			sourceTree = "<group>";
		};
/* End PBXGroup section */

/* Begin PBXHeadersBuildPhase section */
		5980498FCF4D7E44F0CA0C60 /* Headers */ = {
			isa = PBXHeadersBuildPhase;
			buildActionMask = 2147483647;
			files = (
				D171022B32A91C5EEDFC38C9 /* Timeline.h in Headers */,
			);
			runOnlyForDeploymentPostprocessing = 0;
		};
		D621D2F3BA3592E731A14F59 /* Headers */ = {
			isa = PBXHeadersBuildPhase;
			buildActionMask = 2147483647;
			files = (
				F715A796D2EC5910860686D1 /* Timeline.h in Headers */,
			);
			runOnlyForDeploymentPostprocessing = 0;
		};
/* End PBXHeadersBuildPhase section */

/* Begin PBXNativeTarget section */
		77449C31C17575342EC4CE77 /* TimelineTests */ = {
			isa = PBXNativeTarget;
			buildConfigurationList = A6A8899128D31378BC6FC6AF /* Build configuration list for PBXNativeTarget "TimelineTests" */;
			buildPhases = (
				CFAB3D37FDF052EDF5C5CF2E /* Sources */,
				80FA5A82C4C74F64C5D06C84 /* Frameworks */,
				F567A06A56238FC4067B46BA /* CopyFiles */,
				07F63AA31D208A9200C7FB22 /* CopyFiles */,
				07F63AA51D208B3700C7FB22 /* ShellScript */,
			);
			buildRules = (
			);
			dependencies = (
				6989F088527272CE7DA6CB01 /* PBXTargetDependency */,
			);
			name = TimelineTests;
			productName = TimelineTests;
			productReference = 3675DA15B3B3792DDF613132 /* TimelineTests.xctest */;
			productType = "com.apple.product-type.bundle.unit-test";
		};
		91DC8A44B3CAFBAB4BF3BCCC /* TimelineMac */ = {
			isa = PBXNativeTarget;
			buildConfigurationList = 17D46468DB366F4E1328FF37 /* Build configuration list for PBXNativeTarget "TimelineMac" */;
			buildPhases = (
				81104746972437C172793470 /* Sources */,
				CC7DB75BF9CA8A1BFAC4C12F /* Frameworks */,
				5980498FCF4D7E44F0CA0C60 /* Headers */,
				9CC312DB86CD59BC2A36D7AF /* ShellScript */,
			);
			buildRules = (
			);
			dependencies = (
			);
			name = TimelineMac;
			productName = TimelineMac;
			productReference = 4735E26869726502F89506FC /* Timeline.framework */;
			productType = "com.apple.product-type.framework";
		};
		B5BE519D2E9E8F4B1B24439B /* TimelineMacTests */ = {
			isa = PBXNativeTarget;
			buildConfigurationList = 3F0D221676875B3C75C00BF8 /* Build configuration list for PBXNativeTarget "TimelineMacTests" */;
			buildPhases = (
				83084EEE15161FB760381C76 /* Sources */,
				E5DF93615C31A98996EB2795 /* Frameworks */,
				DD1A1A7AB977F27AD053054F /* CopyFiles */,
			);
			buildRules = (
			);
			dependencies = (
				417D7EABC63770B7210FB698 /* PBXTargetDependency */,
			);
			name = TimelineMacTests;
			productName = TimelineMacTests;
			productReference = 8EF4EDB20FD2A919E1969C8A /* TimelineMacTests.xctest */;
			productType = "com.apple.product-type.bundle.unit-test";
		};
		F99F563D5A6BE18CD5DCC426 /* Timeline */ = {
			isa = PBXNativeTarget;
			buildConfigurationList = AB9F6A6EB980518B65F2DA34 /* Build configuration list for PBXNativeTarget "Timeline" */;
			buildPhases = (
				12CC7479DFE9A481B2BF6D39 /* Sources */,
				14F3EAAC58C0FD506AC01AE1 /* Frameworks */,
				D621D2F3BA3592E731A14F59 /* Headers */,
				DBD3A193E64ECBEF630C496B /* ShellScript */,
			);
			buildRules = (
			);
			dependencies = (
			);
			name = Timeline;
			productName = Timeline;
			productReference = 2A9280607A024DC801DF42E1 /* Timeline.framework */;
			productType = "com.apple.product-type.framework";
		};
/* End PBXNativeTarget section */

/* Begin PBXProject section */
		4A99D6D2F8DB297EFC459775 /* Project object */ = {
			isa = PBXProject;
			attributes = {
				LastSwiftUpdateCheck = 0730;
				LastUpgradeCheck = 0730;
			};
			buildConfigurationList = B9159D5F45EAF69BA89F3659 /* Build configuration list for PBXProject "Timeline" */;
			compatibilityVersion = "Xcode 3.2";
			developmentRegion = English;
			hasScannedForEncodings = 0;
			knownRegions = (
				en,
			);
			mainGroup = 157BB81D22389E654416FFE4;
			productRefGroup = DC9C949DCB9CEDA477C0F9F5 /* Products */;
			projectDirPath = "";
			projectRoot = "";
			targets = (
				F99F563D5A6BE18CD5DCC426 /* Timeline */,
				77449C31C17575342EC4CE77 /* TimelineTests */,
				91DC8A44B3CAFBAB4BF3BCCC /* TimelineMac */,
				B5BE519D2E9E8F4B1B24439B /* TimelineMacTests */,
			);
		};
/* End PBXProject section */

/* Begin PBXShellScriptBuildPhase section */
		07F63AA51D208B3700C7FB22 /* ShellScript */ = {
			isa = PBXShellScriptBuildPhase;
			buildActionMask = 2147483647;
			files = (
			);
			inputPaths = (
				"$(SRCROOT)/Carthage/Build/iOS/ArithmeticTools.framework",
				"$(SRCROOT)/Carthage/Build/iOS/ArrayTools.framework",
				"$(SRCROOT)/Carthage/Build/iOS/DictionaryTools.framework",
			);
			outputPaths = (
			);
			runOnlyForDeploymentPostprocessing = 0;
			shellPath = /bin/sh;
			shellScript = "/usr/local/bin/carthage copy-frameworks";
		};
		9CC312DB86CD59BC2A36D7AF /* ShellScript */ = {
			isa = PBXShellScriptBuildPhase;
			buildActionMask = 2147483647;
			files = (
			);
			inputPaths = (
				"$(SRCROOT)/Carthage/Build/Mac/ArithmeticTools.framework",
				"$(SRCROOT)/Carthage/Build/Mac/ArrayTools.framework",
				"$(SRCROOT)/Carthage/Build/Mac/DictionaryTools.framework",
			);
			outputPaths = (
			);
			runOnlyForDeploymentPostprocessing = 0;
			shellPath = /bin/sh;
			shellScript = "/usr/local/bin/carthage copy-frameworks";
		};
		DBD3A193E64ECBEF630C496B /* ShellScript */ = {
			isa = PBXShellScriptBuildPhase;
			buildActionMask = 2147483647;
			files = (
			);
			inputPaths = (
				"$(SRCROOT)/Carthage/Build/iOS/ArithmeticTools.framework",
				"$(SRCROOT)/Carthage/Build/iOS/ArrayTools.framework",
				"$(SRCROOT)/Carthage/Build/iOS/DictionaryTools.framework",
			);
			outputPaths = (
			);
			runOnlyForDeploymentPostprocessing = 0;
			shellPath = /bin/sh;
			shellScript = "/usr/local/bin/carthage copy-frameworks";
		};
/* End PBXShellScriptBuildPhase section */

/* Begin PBXSourcesBuildPhase section */
		12CC7479DFE9A481B2BF6D39 /* Sources */ = {
			isa = PBXSourcesBuildPhase;
			buildActionMask = 2147483647;
			files = (
				07F739041D1AB4C800F83AE8 /* Timeline.swift in Sources */,
				074B58121D2288AB00215565 /* ActionType.swift in Sources */,
			);
			runOnlyForDeploymentPostprocessing = 0;
		};
		81104746972437C172793470 /* Sources */ = {
			isa = PBXSourcesBuildPhase;
			buildActionMask = 2147483647;
			files = (
				07F739051D1AB4C800F83AE8 /* Timeline.swift in Sources */,
				074B58131D2288AB00215565 /* ActionType.swift in Sources */,
			);
			runOnlyForDeploymentPostprocessing = 0;
		};
		83084EEE15161FB760381C76 /* Sources */ = {
			isa = PBXSourcesBuildPhase;
			buildActionMask = 2147483647;
			files = (
				0733E9F61D1BE8F500FDDE97 /* TimelineTests.swift in Sources */,
			);
			runOnlyForDeploymentPostprocessing = 0;
		};
		CFAB3D37FDF052EDF5C5CF2E /* Sources */ = {
			isa = PBXSourcesBuildPhase;
			buildActionMask = 2147483647;
			files = (
				0733E9F51D1BE8F500FDDE97 /* TimelineTests.swift in Sources */,
			);
			runOnlyForDeploymentPostprocessing = 0;
		};
/* End PBXSourcesBuildPhase section */

/* Begin PBXTargetDependency section */
		417D7EABC63770B7210FB698 /* PBXTargetDependency */ = {
			isa = PBXTargetDependency;
			name = TimelineMac;
			target = 91DC8A44B3CAFBAB4BF3BCCC /* TimelineMac */;
			targetProxy = 41EAB7C6F668123C66A1A8F7 /* PBXContainerItemProxy */;
		};
		6989F088527272CE7DA6CB01 /* PBXTargetDependency */ = {
			isa = PBXTargetDependency;
			name = Timeline;
			target = F99F563D5A6BE18CD5DCC426 /* Timeline */;
			targetProxy = FCFDD3CE43833F2D8A5F9202 /* PBXContainerItemProxy */;
		};
/* End PBXTargetDependency section */

/* Begin XCBuildConfiguration section */
		031F3269F1F2BF4D53600E9D /* Release */ = {
			isa = XCBuildConfiguration;
			buildSettings = {
				CLANG_ENABLE_MODULES = YES;
				COMBINE_HIDPI_IMAGES = YES;
				DEBUG_INFORMATION_FORMAT = "dwarf-with-dsym";
				EMBEDDED_CONTENT_CONTAINS_SWIFT = YES;
				ENABLE_STRICT_OBJC_MSGSEND = YES;
				FRAMEWORK_SEARCH_PATHS = (
					"$(inherited)",
					"$(PROJECT_DIR)/Carthage/Build/Mac",
				);
				INFOPLIST_FILE = TimelineTests/Info.plist;
				LD_RUNPATH_SEARCH_PATHS = "$(inherited) @executable_path/../Frameworks @loader_path/../Frameworks $(PROJECT_DIR)/Carthage/Build/Mac";
				MACOSX_DEPLOYMENT_TARGET = 10.9;
				MTL_ENABLE_DEBUG_INFO = NO;
				PRODUCT_NAME = "$(TARGET_NAME)";
				SDKROOT = macosx;
			};
			name = Release;
		};
		05911DDF3FCB479957F538FB /* Release */ = {
			isa = XCBuildConfiguration;
			buildSettings = {
				CLANG_ENABLE_MODULES = YES;
				EMBEDDED_CONTENT_CONTAINS_SWIFT = YES;
				ENABLE_STRICT_OBJC_MSGSEND = YES;
				FRAMEWORK_SEARCH_PATHS = (
					"$(inherited)",
					"$(PROJECT_DIR)/Carthage/Build/iOS",
				);
				INFOPLIST_FILE = TimelineTests/Info.plist;
				IPHONEOS_DEPLOYMENT_TARGET = 9.3;
				LD_RUNPATH_SEARCH_PATHS = "$(inherited) @executable_path/Frameworks @loader_path/Frameworks";
				MTL_ENABLE_DEBUG_INFO = NO;
				PRODUCT_NAME = "$(TARGET_NAME)";
				SDKROOT = iphoneos;
			};
			name = Release;
		};
		060032DB7D44A112AC82B8B4 /* Debug */ = {
			isa = XCBuildConfiguration;
			buildSettings = {
				CLANG_ENABLE_MODULES = YES;
				CODE_SIGN_IDENTITY = "";
				COMBINE_HIDPI_IMAGES = YES;
				CURRENT_PROJECT_VERSION = 1;
				DEFINES_MODULE = YES;
				DYLIB_COMPATIBILITY_VERSION = 1;
				DYLIB_CURRENT_VERSION = 1;
				DYLIB_INSTALL_NAME_BASE = "@rpath";
				EMBEDDED_CONTENT_CONTAINS_SWIFT = NO;
				ENABLE_STRICT_OBJC_MSGSEND = YES;
				FRAMEWORK_SEARCH_PATHS = "$(SRCROOT)/Carthage/Build/Mac";
				FRAMEWORK_VERSION = A;
				INFOPLIST_FILE = Timeline/Info.plist;
				INSTALL_PATH = "$(LOCAL_LIBRARY_DIR)/Frameworks";
				LD_RUNPATH_SEARCH_PATHS = "$(inherited) @executable_path/../Frameworks @loader_path/Frameworks";
				MACOSX_DEPLOYMENT_TARGET = 10.9;
				MTL_ENABLE_DEBUG_INFO = YES;
				PRODUCT_BUNDLE_IDENTIFIER = com.bean.Timeline;
				PRODUCT_NAME = Timeline;
				SDKROOT = macosx;
				SKIP_INSTALL = YES;
				SWIFT_OPTIMIZATION_LEVEL = "-Onone";
				VERSIONING_SYSTEM = "apple-generic";
				VERSION_INFO_PREFIX = "";
			};
			name = Debug;
		};
		152C9C0B411756A5EFD85A47 /* Release */ = {
			isa = XCBuildConfiguration;
			buildSettings = {
				ALWAYS_SEARCH_USER_PATHS = NO;
				CLANG_CXX_LANGUAGE_STANDARD = "gnu++0x";
				CLANG_CXX_LIBRARY = "libc++";
				CLANG_ENABLE_MODULES = YES;
				CLANG_ENABLE_OBJC_ARC = YES;
				CLANG_WARN_BOOL_CONVERSION = YES;
				CLANG_WARN_CONSTANT_CONVERSION = YES;
				CLANG_WARN_DIRECT_OBJC_ISA_USAGE = YES;
				CLANG_WARN_EMPTY_BODY = YES;
				CLANG_WARN_ENUM_CONVERSION = YES;
				CLANG_WARN_INT_CONVERSION = YES;
				CLANG_WARN_OBJC_ROOT_CLASS = YES;
				CLANG_WARN_UNREACHABLE_CODE = YES;
				CLANG_WARN__DUPLICATE_METHOD_MATCH = YES;
				COPY_PHASE_STRIP = YES;
				ENABLE_NS_ASSERTIONS = NO;
				ENABLE_TESTABILITY = YES;
				GCC_C_LANGUAGE_STANDARD = gnu99;
				GCC_WARN_64_TO_32_BIT_CONVERSION = YES;
				GCC_WARN_ABOUT_RETURN_TYPE = YES;
				GCC_WARN_UNDECLARED_SELECTOR = YES;
				GCC_WARN_UNINITIALIZED_AUTOS = YES;
				GCC_WARN_UNUSED_FUNCTION = YES;
				GCC_WARN_UNUSED_VARIABLE = YES;
				VALIDATE_PRODUCT = YES;
			};
			name = Release;
		};
		2DF22D9B262B0F0F2D3B97D5 /* Debug */ = {
			isa = XCBuildConfiguration;
			buildSettings = {
				ALWAYS_SEARCH_USER_PATHS = NO;
				CLANG_CXX_LANGUAGE_STANDARD = "gnu++0x";
				CLANG_CXX_LIBRARY = "libc++";
				CLANG_ENABLE_MODULES = YES;
				CLANG_ENABLE_OBJC_ARC = YES;
				CLANG_WARN_BOOL_CONVERSION = YES;
				CLANG_WARN_CONSTANT_CONVERSION = YES;
				CLANG_WARN_DIRECT_OBJC_ISA_USAGE = YES;
				CLANG_WARN_EMPTY_BODY = YES;
				CLANG_WARN_ENUM_CONVERSION = YES;
				CLANG_WARN_INT_CONVERSION = YES;
				CLANG_WARN_OBJC_ROOT_CLASS = YES;
				CLANG_WARN_UNREACHABLE_CODE = YES;
				CLANG_WARN__DUPLICATE_METHOD_MATCH = YES;
				COPY_PHASE_STRIP = NO;
				ENABLE_TESTABILITY = YES;
				GCC_C_LANGUAGE_STANDARD = gnu99;
				GCC_DYNAMIC_NO_PIC = NO;
				GCC_OPTIMIZATION_LEVEL = 0;
				GCC_PREPROCESSOR_DEFINITIONS = (
					"DEBUG=1",
					"$(inherited)",
				);
				GCC_SYMBOLS_PRIVATE_EXTERN = NO;
				GCC_WARN_64_TO_32_BIT_CONVERSION = YES;
				GCC_WARN_ABOUT_RETURN_TYPE = YES;
				GCC_WARN_UNDECLARED_SELECTOR = YES;
				GCC_WARN_UNINITIALIZED_AUTOS = YES;
				GCC_WARN_UNUSED_FUNCTION = YES;
				GCC_WARN_UNUSED_VARIABLE = YES;
				ONLY_ACTIVE_ARCH = YES;
			};
			name = Debug;
		};
		9133A7797431A918E6B1BEC9 /* Debug */ = {
			isa = XCBuildConfiguration;
			buildSettings = {
				CLANG_ENABLE_MODULES = YES;
				"CODE_SIGN_IDENTITY[sdk=iphoneos*]" = "iPhone Developer";
				CURRENT_PROJECT_VERSION = 1;
				DEFINES_MODULE = YES;
				DYLIB_COMPATIBILITY_VERSION = 1;
				DYLIB_CURRENT_VERSION = 1;
				DYLIB_INSTALL_NAME_BASE = "@rpath";
				EMBEDDED_CONTENT_CONTAINS_SWIFT = NO;
				ENABLE_STRICT_OBJC_MSGSEND = YES;
				FRAMEWORK_SEARCH_PATHS = "$(SRCROOT)/Carthage/Build/iOS";
				INFOPLIST_FILE = Timeline/Info.plist;
				INSTALL_PATH = "$(LOCAL_LIBRARY_DIR)/Frameworks";
				IPHONEOS_DEPLOYMENT_TARGET = 9.2;
				LD_RUNPATH_SEARCH_PATHS = "$(inherited) @executable_path/Frameworks @loader_path/Frameworks $(PROJECT_DIR)/Carthage/Build/iOS";
				MTL_ENABLE_DEBUG_INFO = YES;
				PRODUCT_BUNDLE_IDENTIFIER = com.bean.Timeline;
				PRODUCT_NAME = Timeline;
				SDKROOT = iphoneos;
				SKIP_INSTALL = YES;
				SWIFT_OPTIMIZATION_LEVEL = "-Onone";
				TARGETED_DEVICE_FAMILY = "1,2";
				VERSIONING_SYSTEM = "apple-generic";
				VERSION_INFO_PREFIX = "";
			};
			name = Debug;
		};
		914D91981871B9DFD6D61F67 /* Release */ = {
			isa = XCBuildConfiguration;
			buildSettings = {
				CLANG_ENABLE_MODULES = YES;
				CODE_SIGN_IDENTITY = "";
				COMBINE_HIDPI_IMAGES = YES;
				CURRENT_PROJECT_VERSION = 1;
				DEBUG_INFORMATION_FORMAT = "dwarf-with-dsym";
				DEFINES_MODULE = YES;
				DYLIB_COMPATIBILITY_VERSION = 1;
				DYLIB_CURRENT_VERSION = 1;
				DYLIB_INSTALL_NAME_BASE = "@rpath";
				EMBEDDED_CONTENT_CONTAINS_SWIFT = NO;
				ENABLE_STRICT_OBJC_MSGSEND = YES;
				FRAMEWORK_SEARCH_PATHS = "$(SRCROOT)/Carthage/Build/Mac";
				FRAMEWORK_VERSION = A;
				INFOPLIST_FILE = Timeline/Info.plist;
				INSTALL_PATH = "$(LOCAL_LIBRARY_DIR)/Frameworks";
				LD_RUNPATH_SEARCH_PATHS = "$(inherited) @executable_path/../Frameworks @loader_path/Frameworks";
				MACOSX_DEPLOYMENT_TARGET = 10.9;
				MTL_ENABLE_DEBUG_INFO = NO;
				PRODUCT_BUNDLE_IDENTIFIER = com.bean.Timeline;
				PRODUCT_NAME = Timeline;
				SDKROOT = macosx;
				SKIP_INSTALL = YES;
				VERSIONING_SYSTEM = "apple-generic";
				VERSION_INFO_PREFIX = "";
			};
			name = Release;
		};
		9A4A78CF909359F794486A0A /* Release */ = {
			isa = XCBuildConfiguration;
			buildSettings = {
				CLANG_ENABLE_MODULES = YES;
				"CODE_SIGN_IDENTITY[sdk=iphoneos*]" = "iPhone Developer";
				CURRENT_PROJECT_VERSION = 1;
				DEFINES_MODULE = YES;
				DYLIB_COMPATIBILITY_VERSION = 1;
				DYLIB_CURRENT_VERSION = 1;
				DYLIB_INSTALL_NAME_BASE = "@rpath";
				EMBEDDED_CONTENT_CONTAINS_SWIFT = NO;
				ENABLE_STRICT_OBJC_MSGSEND = YES;
				FRAMEWORK_SEARCH_PATHS = "$(SRCROOT)/Carthage/Build/iOS";
				INFOPLIST_FILE = Timeline/Info.plist;
				INSTALL_PATH = "$(LOCAL_LIBRARY_DIR)/Frameworks";
				IPHONEOS_DEPLOYMENT_TARGET = 9.2;
				LD_RUNPATH_SEARCH_PATHS = "$(inherited) @executable_path/Frameworks @loader_path/Frameworks $(PROJECT_DIR)/Carthage/Build/iOS";
				MTL_ENABLE_DEBUG_INFO = NO;
				PRODUCT_BUNDLE_IDENTIFIER = com.bean.Timeline;
				PRODUCT_NAME = Timeline;
				SDKROOT = iphoneos;
				SKIP_INSTALL = YES;
				TARGETED_DEVICE_FAMILY = "1,2";
				VERSIONING_SYSTEM = "apple-generic";
				VERSION_INFO_PREFIX = "";
			};
			name = Release;
		};
		AE4E610869B564A242E55582 /* Debug */ = {
			isa = XCBuildConfiguration;
			buildSettings = {
				CLANG_ENABLE_MODULES = YES;
				COMBINE_HIDPI_IMAGES = YES;
				EMBEDDED_CONTENT_CONTAINS_SWIFT = YES;
				ENABLE_STRICT_OBJC_MSGSEND = YES;
				FRAMEWORK_SEARCH_PATHS = (
					"$(inherited)",
					"$(PROJECT_DIR)/Carthage/Build/Mac",
				);
				INFOPLIST_FILE = TimelineTests/Info.plist;
				LD_RUNPATH_SEARCH_PATHS = "$(inherited) @executable_path/../Frameworks @loader_path/../Frameworks $(PROJECT_DIR)/Carthage/Build/Mac";
				MACOSX_DEPLOYMENT_TARGET = 10.9;
				MTL_ENABLE_DEBUG_INFO = YES;
				PRODUCT_NAME = "$(TARGET_NAME)";
				SDKROOT = macosx;
				SWIFT_OPTIMIZATION_LEVEL = "-Onone";
			};
			name = Debug;
		};
		F5F9EAA452FB6955733E838A /* Debug */ = {
			isa = XCBuildConfiguration;
			buildSettings = {
				CLANG_ENABLE_MODULES = YES;
				EMBEDDED_CONTENT_CONTAINS_SWIFT = YES;
				ENABLE_STRICT_OBJC_MSGSEND = YES;
				FRAMEWORK_SEARCH_PATHS = (
					"$(inherited)",
					"$(PROJECT_DIR)/Carthage/Build/iOS",
				);
				INFOPLIST_FILE = TimelineTests/Info.plist;
				IPHONEOS_DEPLOYMENT_TARGET = 9.3;
				LD_RUNPATH_SEARCH_PATHS = "$(inherited) @executable_path/Frameworks @loader_path/Frameworks";
				MTL_ENABLE_DEBUG_INFO = YES;
				PRODUCT_NAME = "$(TARGET_NAME)";
				SDKROOT = iphoneos;
				SWIFT_OPTIMIZATION_LEVEL = "-Onone";
			};
			name = Debug;
		};
/* End XCBuildConfiguration section */

/* Begin XCConfigurationList section */
		17D46468DB366F4E1328FF37 /* Build configuration list for PBXNativeTarget "TimelineMac" */ = {
			isa = XCConfigurationList;
			buildConfigurations = (
				914D91981871B9DFD6D61F67 /* Release */,
				060032DB7D44A112AC82B8B4 /* Debug */,
			);
			defaultConfigurationIsVisible = 0;
			defaultConfigurationName = Release;
		};
		3F0D221676875B3C75C00BF8 /* Build configuration list for PBXNativeTarget "TimelineMacTests" */ = {
			isa = XCConfigurationList;
			buildConfigurations = (
				031F3269F1F2BF4D53600E9D /* Release */,
				AE4E610869B564A242E55582 /* Debug */,
			);
			defaultConfigurationIsVisible = 0;
			defaultConfigurationName = Release;
		};
		A6A8899128D31378BC6FC6AF /* Build configuration list for PBXNativeTarget "TimelineTests" */ = {
			isa = XCConfigurationList;
			buildConfigurations = (
				05911DDF3FCB479957F538FB /* Release */,
				F5F9EAA452FB6955733E838A /* Debug */,
			);
			defaultConfigurationIsVisible = 0;
			defaultConfigurationName = Release;
		};
		AB9F6A6EB980518B65F2DA34 /* Build configuration list for PBXNativeTarget "Timeline" */ = {
			isa = XCConfigurationList;
			buildConfigurations = (
				9A4A78CF909359F794486A0A /* Release */,
				9133A7797431A918E6B1BEC9 /* Debug */,
			);
			defaultConfigurationIsVisible = 0;
			defaultConfigurationName = Release;
		};
		B9159D5F45EAF69BA89F3659 /* Build configuration list for PBXProject "Timeline" */ = {
			isa = XCConfigurationList;
			buildConfigurations = (
				2DF22D9B262B0F0F2D3B97D5 /* Debug */,
				152C9C0B411756A5EFD85A47 /* Release */,
			);
			defaultConfigurationIsVisible = 0;
			defaultConfigurationName = Release;
		};
/* End XCConfigurationList section */
	};
	rootObject = 4A99D6D2F8DB297EFC459775 /* Project object */;
}
