<?xml version="1.0" encoding="UTF-8"?>
<Scheme
   LastUpgradeVersion = "0700"
   version = "1.3">
   <BuildAction
      parallelizeBuildables = "YES"
      buildImplicitDependencies = "YES">
      <BuildActionEntries>
         <BuildActionEntry
            buildForAnalyzing = "YES"
            buildForTesting = "YES"
            buildForRunning = "YES"
            buildForProfiling = "YES"
            buildForArchiving = "YES">
            <BuildableReference
               BuildableIdentifier = "primary"
               BlueprintIdentifier = "F99F563D5A6BE18CD5DCC426"
               BlueprintName = "Timeline"
               ReferencedContainer = "container:Timeline.xcodeproj"
               BuildableName = "Timeline.framework">
            </BuildableReference>
         </BuildActionEntry>
         <BuildActionEntry
            buildForAnalyzing = "NO"
            buildForTesting = "YES"
            buildForRunning = "NO"
            buildForProfiling = "NO"
            buildForArchiving = "NO">
            <BuildableReference
               BuildableIdentifier = 'primary'
               BlueprintIdentifier = '77449C31C17575342EC4CE77'
               BlueprintName = 'TimelineTests'
               ReferencedContainer = 'container:Timeline.xcodeproj'
               BuildableName = 'TimelineTests.xctest'>
            </BuildableReference>
         </BuildActionEntry>
      </BuildActionEntries>
   </BuildAction>
   <TestAction
      selectedDebuggerIdentifier = "Xcode.DebuggerFoundation.Debugger.LLDB"
      selectedLauncherIdentifier = "Xcode.DebuggerFoundation.Launcher.LLDB"
      shouldUseLaunchSchemeArgsEnv = "YES"
      buildConfiguration = "Debug"
      codeCoverageEnabled = "YES">
      <AdditionalOptions>
      </AdditionalOptions>
      <Testables>
         <TestableReference
            skipped = "NO">
            <BuildableReference
               BuildableIdentifier = 'primary'
               BlueprintIdentifier = '77449C31C17575342EC4CE77'
               BlueprintName = 'TimelineTests'
               ReferencedContainer = 'container:Timeline.xcodeproj'
               BuildableName = 'TimelineTests.xctest'>
            </BuildableReference>
         </TestableReference>
      </Testables>
   </TestAction>
   <LaunchAction
      selectedDebuggerIdentifier = "Xcode.DebuggerFoundation.Debugger.LLDB"
      selectedLauncherIdentifier = "Xcode.DebuggerFoundation.Launcher.LLDB"
      launchStyle = "0"
      useCustomWorkingDirectory = "NO"
      ignoresPersistentStateOnLaunch = "NO"
      debugDocumentVersioning = "YES"
      debugServiceExtension = "internal"
      buildConfiguration = "Debug"
      allowLocationSimulation = "YES">
      <AdditionalOptions>
      </AdditionalOptions>
   </LaunchAction>
   <ProfileAction
      savedToolIdentifier = ""
      useCustomWorkingDirectory = "NO"
      debugDocumentVersioning = "YES"
      buildConfiguration = "Release"
      shouldUseLaunchSchemeArgsEnv = "YES">
   </ProfileAction>
   <AnalyzeAction
      buildConfiguration = "Debug">
   </AnalyzeAction>
   <ArchiveAction
      buildConfiguration = "Release"
      revealArchiveInOrganizer = "YES">
   </ArchiveAction>
</Scheme>
