// !$*UTF8*$!
{
	archiveVersion = 1;
	classes = {
	};
	objectVersion = 46;
	objects = {

/* Begin PBXBuildFile section */
		074933161EB8F783009F2B97 /* AppDelegate.swift in Sources */ = {isa = PBXBuildFile; fileRef = 074933151EB8F783009F2B97 /* AppDelegate.swift */; };
		074933181EB8F783009F2B97 /* ViewController.swift in Sources */ = {isa = PBXBuildFile; fileRef = 074933171EB8F783009F2B97 /* ViewController.swift */; };
		0749331B1EB8F783009F2B97 /* Main.storyboard in Resources */ = {isa = PBXBuildFile; fileRef = 074933191EB8F783009F2B97 /* Main.storyboard */; };
		0749331D1EB8F783009F2B97 /* Assets.xcassets in Resources */ = {isa = PBXBuildFile; fileRef = 0749331C1EB8F783009F2B97 /* Assets.xcassets */; };
		074933201EB8F783009F2B97 /* LaunchScreen.storyboard in Resources */ = {isa = PBXBuildFile; fileRef = 0749331E1EB8F783009F2B97 /* LaunchScreen.storyboard */; };
		0749332E1EB8F834009F2B97 /* Timeline.framework in Frameworks */ = {isa = PBXBuildFile; fileRef = 0749332D1EB8F834009F2B97 /* Timeline.framework */; };
		0749332F1EB8F834009F2B97 /* Timeline.framework in Embed Frameworks */ = {isa = PBXBuildFile; fileRef = 0749332D1EB8F834009F2B97 /* Timeline.framework */; settings = {ATTRIBUTES = (CodeSignOnCopy, RemoveHeadersOnCopy, ); }; };
		0749333E1EB8F956009F2B97 /* ArithmeticTools.framework in Embed Frameworks */ = {isa = PBXBuildFile; fileRef = 0749333D1EB8F956009F2B97 /* ArithmeticTools.framework */; settings = {ATTRIBUTES = (CodeSignOnCopy, RemoveHeadersOnCopy, ); }; };
		074933441EB8F98D009F2B97 /* Collections.framework in Embed Frameworks */ = {isa = PBXBuildFile; fileRef = 074933431EB8F98D009F2B97 /* Collections.framework */; settings = {ATTRIBUTES = (CodeSignOnCopy, RemoveHeadersOnCopy, ); }; };
		079359B21EBAC7B300F0F104 /* MetronomeController.swift in Sources */ = {isa = PBXBuildFile; fileRef = 079359B11EBAC7B300F0F104 /* MetronomeController.swift */; };
		079359B41EBAC7D200F0F104 /* MusicalModel.swift in Sources */ = {isa = PBXBuildFile; fileRef = 079359B31EBAC7D200F0F104 /* MusicalModel.swift */; };
		079359B51EBAC80E00F0F104 /* Collections.framework in Frameworks */ = {isa = PBXBuildFile; fileRef = 074933431EB8F98D009F2B97 /* Collections.framework */; };
		079359B61EBAC80E00F0F104 /* ArithmeticTools.framework in Frameworks */ = {isa = PBXBuildFile; fileRef = 0749333D1EB8F956009F2B97 /* ArithmeticTools.framework */; };
/* End PBXBuildFile section */

/* Begin PBXCopyFilesBuildPhase section */
		0749332C1EB8F7C4009F2B97 /* Embed Frameworks */ = {
			isa = PBXCopyFilesBuildPhase;
			buildActionMask = 2147483647;
			dstPath = "";
			dstSubfolderSpec = 10;
			files = (
				0749332F1EB8F834009F2B97 /* Timeline.framework in Embed Frameworks */,
				0749333E1EB8F956009F2B97 /* ArithmeticTools.framework in Embed Frameworks */,
				074933441EB8F98D009F2B97 /* Collections.framework in Embed Frameworks */,
			);
			name = "Embed Frameworks";
			runOnlyForDeploymentPostprocessing = 0;
		};
/* End PBXCopyFilesBuildPhase section */

/* Begin PBXFileReference section */
		074933121EB8F783009F2B97 /* Timeline Example iOS.app */ = {isa = PBXFileReference; explicitFileType = wrapper.application; includeInIndex = 0; path = "Timeline Example iOS.app"; sourceTree = BUILT_PRODUCTS_DIR; };
		074933151EB8F783009F2B97 /* AppDelegate.swift */ = {isa = PBXFileReference; lastKnownFileType = sourcecode.swift; path = AppDelegate.swift; sourceTree = "<group>"; };
		074933171EB8F783009F2B97 /* ViewController.swift */ = {isa = PBXFileReference; lastKnownFileType = sourcecode.swift; path = ViewController.swift; sourceTree = "<group>"; };
		0749331A1EB8F783009F2B97 /* Base */ = {isa = PBXFileReference; lastKnownFileType = file.storyboard; name = Base; path = Base.lproj/Main.storyboard; sourceTree = "<group>"; };
		0749331C1EB8F783009F2B97 /* Assets.xcassets */ = {isa = PBXFileReference; lastKnownFileType = folder.assetcatalog; path = Assets.xcassets; sourceTree = "<group>"; };
		0749331F1EB8F783009F2B97 /* Base */ = {isa = PBXFileReference; lastKnownFileType = file.storyboard; name = Base; path = Base.lproj/LaunchScreen.storyboard; sourceTree = "<group>"; };
		074933211EB8F783009F2B97 /* Info.plist */ = {isa = PBXFileReference; lastKnownFileType = text.plist.xml; path = Info.plist; sourceTree = "<group>"; };
		0749332D1EB8F834009F2B97 /* Timeline.framework */ = {isa = PBXFileReference; explicitFileType = wrapper.framework; path = Timeline.framework; sourceTree = BUILT_PRODUCTS_DIR; };
		0749333D1EB8F956009F2B97 /* ArithmeticTools.framework */ = {isa = PBXFileReference; lastKnownFileType = wrapper.framework; name = ArithmeticTools.framework; path = ../Carthage/Build/iOS/ArithmeticTools.framework; sourceTree = "<group>"; };
		074933431EB8F98D009F2B97 /* Collections.framework */ = {isa = PBXFileReference; lastKnownFileType = wrapper.framework; name = Collections.framework; path = ../Carthage/Build/iOS/Collections.framework; sourceTree = "<group>"; };
		079359B11EBAC7B300F0F104 /* MetronomeController.swift */ = {isa = PBXFileReference; fileEncoding = 4; lastKnownFileType = sourcecode.swift; path = MetronomeController.swift; sourceTree = "<group>"; };
		079359B31EBAC7D200F0F104 /* MusicalModel.swift */ = {isa = PBXFileReference; fileEncoding = 4; lastKnownFileType = sourcecode.swift; path = MusicalModel.swift; sourceTree = "<group>"; };
/* End PBXFileReference section */

/* Begin PBXFrameworksBuildPhase section */
		0749330F1EB8F783009F2B97 /* Frameworks */ = {
			isa = PBXFrameworksBuildPhase;
			buildActionMask = 2147483647;
			files = (
				0749332E1EB8F834009F2B97 /* Timeline.framework in Frameworks */,
				079359B51EBAC80E00F0F104 /* Collections.framework in Frameworks */,
				079359B61EBAC80E00F0F104 /* ArithmeticTools.framework in Frameworks */,
			);
			runOnlyForDeploymentPostprocessing = 0;
		};
/* End PBXFrameworksBuildPhase section */

/* Begin PBXGroup section */
		074933091EB8F783009F2B97 = {
			isa = PBXGroup;
			children = (
				074933301EB8F8B2009F2B97 /* Frameworks */,
				074933141EB8F783009F2B97 /* Timeline Example iOS */,
				074933131EB8F783009F2B97 /* Products */,
			);
			sourceTree = "<group>";
		};
		074933131EB8F783009F2B97 /* Products */ = {
			isa = PBXGroup;
			children = (
				074933121EB8F783009F2B97 /* Timeline Example iOS.app */,
			);
			name = Products;
			sourceTree = "<group>";
		};
		074933141EB8F783009F2B97 /* Timeline Example iOS */ = {
			isa = PBXGroup;
			children = (
				074933151EB8F783009F2B97 /* AppDelegate.swift */,
				074933171EB8F783009F2B97 /* ViewController.swift */,
				079359B11EBAC7B300F0F104 /* MetronomeController.swift */,
				079359B31EBAC7D200F0F104 /* MusicalModel.swift */,
				074933191EB8F783009F2B97 /* Main.storyboard */,
				0749331C1EB8F783009F2B97 /* Assets.xcassets */,
				0749331E1EB8F783009F2B97 /* LaunchScreen.storyboard */,
				074933211EB8F783009F2B97 /* Info.plist */,
			);
			path = "Timeline Example iOS";
			sourceTree = "<group>";
		};
		074933301EB8F8B2009F2B97 /* Frameworks */ = {
			isa = PBXGroup;
			children = (
				074933431EB8F98D009F2B97 /* Collections.framework */,
				0749333D1EB8F956009F2B97 /* ArithmeticTools.framework */,
				0749332D1EB8F834009F2B97 /* Timeline.framework */,
			);
			name = Frameworks;
			sourceTree = "<group>";
		};
/* End PBXGroup section */

/* Begin PBXNativeTarget section */
		074933111EB8F783009F2B97 /* Timeline Example iOS */ = {
			isa = PBXNativeTarget;
			buildConfigurationList = 074933241EB8F783009F2B97 /* Build configuration list for PBXNativeTarget "Timeline Example iOS" */;
			buildPhases = (
				0749330E1EB8F783009F2B97 /* Sources */,
				0749330F1EB8F783009F2B97 /* Frameworks */,
				074933101EB8F783009F2B97 /* Resources */,
				074933271EB8F7A8009F2B97 /* ShellScript */,
				0749332C1EB8F7C4009F2B97 /* Embed Frameworks */,
			);
			buildRules = (
			);
			dependencies = (
			);
			name = "Timeline Example iOS";
			productName = "Timeline Example iOS";
			productReference = 074933121EB8F783009F2B97 /* Timeline Example iOS.app */;
			productType = "com.apple.product-type.application";
		};
/* End PBXNativeTarget section */

/* Begin PBXProject section */
		0749330A1EB8F783009F2B97 /* Project object */ = {
			isa = PBXProject;
			attributes = {
				LastSwiftUpdateCheck = 0820;
				LastUpgradeCheck = 0820;
				ORGANIZATIONNAME = "James Bean";
				TargetAttributes = {
					074933111EB8F783009F2B97 = {
						CreatedOnToolsVersion = 8.2.1;
						DevelopmentTeam = F8LCL8SXLX;
						ProvisioningStyle = Automatic;
					};
				};
			};
			buildConfigurationList = 0749330D1EB8F783009F2B97 /* Build configuration list for PBXProject "Timeline Example iOS" */;
			compatibilityVersion = "Xcode 3.2";
			developmentRegion = English;
			hasScannedForEncodings = 0;
			knownRegions = (
				en,
				Base,
			);
			mainGroup = 074933091EB8F783009F2B97;
			productRefGroup = 074933131EB8F783009F2B97 /* Products */;
			projectDirPath = "";
			projectRoot = "";
			targets = (
				074933111EB8F783009F2B97 /* Timeline Example iOS */,
			);
		};
/* End PBXProject section */

/* Begin PBXResourcesBuildPhase section */
		074933101EB8F783009F2B97 /* Resources */ = {
			isa = PBXResourcesBuildPhase;
			buildActionMask = 2147483647;
			files = (
				074933201EB8F783009F2B97 /* LaunchScreen.storyboard in Resources */,
				0749331D1EB8F783009F2B97 /* Assets.xcassets in Resources */,
				0749331B1EB8F783009F2B97 /* Main.storyboard in Resources */,
			);
			runOnlyForDeploymentPostprocessing = 0;
		};
/* End PBXResourcesBuildPhase section */

/* Begin PBXShellScriptBuildPhase section */
		074933271EB8F7A8009F2B97 /* ShellScript */ = {
			isa = PBXShellScriptBuildPhase;
			buildActionMask = 2147483647;
			files = (
			);
			inputPaths = (
				"$(SRCROOT)/../Carthage/Build/iOS/Collections.framework",
				"$(SRCROOT)/../Carthage/Build/iOS/ArithmeticTools.framework",
			);
			outputPaths = (
			);
			runOnlyForDeploymentPostprocessing = 0;
			shellPath = /bin/sh;
			shellScript = "/usr/local/bin/carthage copy-frameworks";
		};
/* End PBXShellScriptBuildPhase section */

/* Begin PBXSourcesBuildPhase section */
		0749330E1EB8F783009F2B97 /* Sources */ = {
			isa = PBXSourcesBuildPhase;
			buildActionMask = 2147483647;
			files = (
				079359B41EBAC7D200F0F104 /* MusicalModel.swift in Sources */,
				074933181EB8F783009F2B97 /* ViewController.swift in Sources */,
				079359B21EBAC7B300F0F104 /* MetronomeController.swift in Sources */,
				074933161EB8F783009F2B97 /* AppDelegate.swift in Sources */,
			);
			runOnlyForDeploymentPostprocessing = 0;
		};
/* End PBXSourcesBuildPhase section */

/* Begin PBXVariantGroup section */
		074933191EB8F783009F2B97 /* Main.storyboard */ = {
			isa = PBXVariantGroup;
			children = (
				0749331A1EB8F783009F2B97 /* Base */,
			);
			name = Main.storyboard;
			sourceTree = "<group>";
		};
		0749331E1EB8F783009F2B97 /* LaunchScreen.storyboard */ = {
			isa = PBXVariantGroup;
			children = (
				0749331F1EB8F783009F2B97 /* Base */,
			);
			name = LaunchScreen.storyboard;
			sourceTree = "<group>";
		};
/* End PBXVariantGroup section */

/* Begin XCBuildConfiguration section */
		074933221EB8F783009F2B97 /* Debug */ = {
			isa = XCBuildConfiguration;
			buildSettings = {
				ALWAYS_SEARCH_USER_PATHS = NO;
				CLANG_ANALYZER_NONNULL = YES;
				CLANG_CXX_LANGUAGE_STANDARD = "gnu++0x";
				CLANG_CXX_LIBRARY = "libc++";
				CLANG_ENABLE_MODULES = YES;
				CLANG_ENABLE_OBJC_ARC = YES;
				CLANG_WARN_BOOL_CONVERSION = YES;
				CLANG_WARN_CONSTANT_CONVERSION = YES;
				CLANG_WARN_DIRECT_OBJC_ISA_USAGE = YES_ERROR;
				CLANG_WARN_DOCUMENTATION_COMMENTS = YES;
				CLANG_WARN_EMPTY_BODY = YES;
				CLANG_WARN_ENUM_CONVERSION = YES;
				CLANG_WARN_INFINITE_RECURSION = YES;
				CLANG_WARN_INT_CONVERSION = YES;
				CLANG_WARN_OBJC_ROOT_CLASS = YES_ERROR;
				CLANG_WARN_SUSPICIOUS_MOVE = YES;
				CLANG_WARN_UNREACHABLE_CODE = YES;
				CLANG_WARN__DUPLICATE_METHOD_MATCH = YES;
				"CODE_SIGN_IDENTITY[sdk=iphoneos*]" = "iPhone Developer";
				COPY_PHASE_STRIP = NO;
				DEBUG_INFORMATION_FORMAT = dwarf;
				ENABLE_STRICT_OBJC_MSGSEND = YES;
				ENABLE_TESTABILITY = YES;
				GCC_C_LANGUAGE_STANDARD = gnu99;
				GCC_DYNAMIC_NO_PIC = NO;
				GCC_NO_COMMON_BLOCKS = YES;
				GCC_OPTIMIZATION_LEVEL = 0;
				GCC_PREPROCESSOR_DEFINITIONS = (
					"DEBUG=1",
					"$(inherited)",
				);
				GCC_WARN_64_TO_32_BIT_CONVERSION = YES;
				GCC_WARN_ABOUT_RETURN_TYPE = YES_ERROR;
				GCC_WARN_UNDECLARED_SELECTOR = YES;
				GCC_WARN_UNINITIALIZED_AUTOS = YES_AGGRESSIVE;
				GCC_WARN_UNUSED_FUNCTION = YES;
				GCC_WARN_UNUSED_VARIABLE = YES;
				IPHONEOS_DEPLOYMENT_TARGET = 10.2;
				MTL_ENABLE_DEBUG_INFO = YES;
				ONLY_ACTIVE_ARCH = YES;
				SDKROOT = iphoneos;
				SWIFT_ACTIVE_COMPILATION_CONDITIONS = DEBUG;
				SWIFT_OPTIMIZATION_LEVEL = "-Onone";
				TARGETED_DEVICE_FAMILY = "1,2";
			};
			name = Debug;
		};
		074933231EB8F783009F2B97 /* Release */ = {
			isa = XCBuildConfiguration;
			buildSettings = {
				ALWAYS_SEARCH_USER_PATHS = NO;
				CLANG_ANALYZER_NONNULL = YES;
				CLANG_CXX_LANGUAGE_STANDARD = "gnu++0x";
				CLANG_CXX_LIBRARY = "libc++";
				CLANG_ENABLE_MODULES = YES;
				CLANG_ENABLE_OBJC_ARC = YES;
				CLANG_WARN_BOOL_CONVERSION = YES;
				CLANG_WARN_CONSTANT_CONVERSION = YES;
				CLANG_WARN_DIRECT_OBJC_ISA_USAGE = YES_ERROR;
				CLANG_WARN_DOCUMENTATION_COMMENTS = YES;
				CLANG_WARN_EMPTY_BODY = YES;
				CLANG_WARN_ENUM_CONVERSION = YES;
				CLANG_WARN_INFINITE_RECURSION = YES;
				CLANG_WARN_INT_CONVERSION = YES;
				CLANG_WARN_OBJC_ROOT_CLASS = YES_ERROR;
				CLANG_WARN_SUSPICIOUS_MOVE = YES;
				CLANG_WARN_UNREACHABLE_CODE = YES;
				CLANG_WARN__DUPLICATE_METHOD_MATCH = YES;
				"CODE_SIGN_IDENTITY[sdk=iphoneos*]" = "iPhone Developer";
				COPY_PHASE_STRIP = NO;
				DEBUG_INFORMATION_FORMAT = "dwarf-with-dsym";
				ENABLE_NS_ASSERTIONS = NO;
				ENABLE_STRICT_OBJC_MSGSEND = YES;
				GCC_C_LANGUAGE_STANDARD = gnu99;
				GCC_NO_COMMON_BLOCKS = YES;
				GCC_WARN_64_TO_32_BIT_CONVERSION = YES;
				GCC_WARN_ABOUT_RETURN_TYPE = YES_ERROR;
				GCC_WARN_UNDECLARED_SELECTOR = YES;
				GCC_WARN_UNINITIALIZED_AUTOS = YES_AGGRESSIVE;
				GCC_WARN_UNUSED_FUNCTION = YES;
				GCC_WARN_UNUSED_VARIABLE = YES;
				IPHONEOS_DEPLOYMENT_TARGET = 10.2;
				MTL_ENABLE_DEBUG_INFO = NO;
				SDKROOT = iphoneos;
				SWIFT_OPTIMIZATION_LEVEL = "-Owholemodule";
				TARGETED_DEVICE_FAMILY = "1,2";
				VALIDATE_PRODUCT = YES;
			};
			name = Release;
		};
		074933251EB8F783009F2B97 /* Debug */ = {
			isa = XCBuildConfiguration;
			buildSettings = {
				ASSETCATALOG_COMPILER_APPICON_NAME = AppIcon;
				DEVELOPMENT_TEAM = F8LCL8SXLX;
				ENABLE_BITCODE = NO;
				FRAMEWORK_SEARCH_PATHS = (
					"$(SRCROOT)/../Carthage/Build/iOS",
					"$(PROJECT_DIR)",
				);
				INFOPLIST_FILE = "Timeline Example iOS/Info.plist";
				IPHONEOS_DEPLOYMENT_TARGET = 8.4;
				LD_RUNPATH_SEARCH_PATHS = "$(inherited) $(SRCROOT)/../Carthage/Build/iOS @executable_path/Frameworks @loader_path/Frameworks";
				PRODUCT_BUNDLE_IDENTIFIER = "com.bean.Timeline-Example-iOS";
				PRODUCT_NAME = "$(TARGET_NAME)";
				SWIFT_VERSION = 3.0;
			};
			name = Debug;
		};
		074933261EB8F783009F2B97 /* Release */ = {
			isa = XCBuildConfiguration;
			buildSettings = {
				ASSETCATALOG_COMPILER_APPICON_NAME = AppIcon;
				DEVELOPMENT_TEAM = F8LCL8SXLX;
				ENABLE_BITCODE = NO;
				FRAMEWORK_SEARCH_PATHS = (
					"$(SRCROOT)/../Carthage/Build/iOS",
					"$(PROJECT_DIR)",
				);
				INFOPLIST_FILE = "Timeline Example iOS/Info.plist";
				IPHONEOS_DEPLOYMENT_TARGET = 8.4;
				LD_RUNPATH_SEARCH_PATHS = "$(inherited) $(SRCROOT)/../Carthage/Build/iOS @executable_path/Frameworks @loader_path/Frameworks";
				PRODUCT_BUNDLE_IDENTIFIER = "com.bean.Timeline-Example-iOS";
				PRODUCT_NAME = "$(TARGET_NAME)";
				SWIFT_VERSION = 3.0;
			};
			name = Release;
		};
/* End XCBuildConfiguration section */

/* Begin XCConfigurationList section */
		0749330D1EB8F783009F2B97 /* Build configuration list for PBXProject "Timeline Example iOS" */ = {
			isa = XCConfigurationList;
			buildConfigurations = (
				074933221EB8F783009F2B97 /* Debug */,
				074933231EB8F783009F2B97 /* Release */,
			);
			defaultConfigurationIsVisible = 0;
			defaultConfigurationName = Release;
		};
		074933241EB8F783009F2B97 /* Build configuration list for PBXNativeTarget "Timeline Example iOS" */ = {
			isa = XCConfigurationList;
			buildConfigurations = (
				074933251EB8F783009F2B97 /* Debug */,
				074933261EB8F783009F2B97 /* Release */,
			);
			defaultConfigurationIsVisible = 0;
			defaultConfigurationName = Release;
		};
/* End XCConfigurationList section */
	};
	rootObject = 0749330A1EB8F783009F2B97 /* Project object */;
}
